PODS:
  - ReactiveObjC (3.1.1)
  - TFY_AutoLayout (2.6.4):
    - TFY_AutoLayout/IOS_Layout (= 2.6.4)
    - TFY_AutoLayout/MAC_Layout (= 2.6.4)
    - TFY_AutoLayout/Util (= 2.6.4)
  - TFY_AutoLayout/IOS_Layout (2.6.4):
    - TFY_AutoLayout/Util
  - TFY_AutoLayout/MAC_Layout (2.6.4):
    - TFY_AutoLayout/Util
  - TFY_AutoLayout/Util (2.6.4)
  - TFY_ContactManager (2.1.0)
  - TFY_LayoutCategoryKit (1.6.8):
    - TFY_LayoutCategoryKit/TFY_Categories (= 1.6.8)
    - TFY_LayoutCategoryKit/TFY_Chain (= 1.6.8)
    - TFY_LayoutCategoryKit/TFY_Tools (= 1.6.8)
  - TFY_LayoutCategoryKit/TFY_Categories (1.6.8):
    - TFY_LayoutCategoryKit/TFY_Categories/TFY_Foundation (= 1.6.8)
    - TFY_LayoutCategoryKit/TFY_Categories/TFY_UI (= 1.6.8)
    - TFY_LayoutCategoryKit/TFY_Tools
  - TFY_LayoutCategoryKit/TFY_Categories/TFY_Foundation (1.6.8):
    - TFY_LayoutCategoryKit/TFY_Tools
  - TFY_LayoutCategoryKit/TFY_Categories/TFY_UI (1.6.8):
    - TFY_LayoutCategoryKit/TFY_Tools
  - TFY_LayoutCategoryKit/TFY_Chain (1.6.8):
    - TFY_LayoutCategoryKit/TFY_Chain/TFY_CALayer (= 1.6.8)
    - TFY_LayoutCategoryKit/TFY_Chain/TFY_ChainBase (= 1.6.8)
    - TFY_LayoutCategoryKit/TFY_Chain/TFY_UIGesture (= 1.6.8)
    - TFY_LayoutCategoryKit/TFY_Chain/TFY_UIView (= 1.6.8)
  - TFY_LayoutCategoryKit/TFY_Chain/TFY_CALayer (1.6.8):
    - TFY_LayoutCategoryKit/TFY_Categories/TFY_UI
    - TFY_LayoutCategoryKit/TFY_Chain/TFY_ChainBase
  - TFY_LayoutCategoryKit/TFY_Chain/TFY_ChainBase (1.6.8)
  - TFY_LayoutCategoryKit/TFY_Chain/TFY_UIGesture (1.6.8):
    - TFY_LayoutCategoryKit/TFY_Categories/TFY_UI
    - TFY_LayoutCategoryKit/TFY_Chain/TFY_ChainBase
  - TFY_LayoutCategoryKit/TFY_Chain/TFY_UIView (1.6.8):
    - TFY_LayoutCategoryKit/TFY_Categories/TFY_Foundation
    - TFY_LayoutCategoryKit/TFY_Categories/TFY_UI
    - TFY_LayoutCategoryKit/TFY_Chain/TFY_CALayer
    - TFY_LayoutCategoryKit/TFY_Chain/TFY_ChainBase
    - TFY_LayoutCategoryKit/TFY_Chain/TFY_UIGesture
  - TFY_LayoutCategoryKit/TFY_Tools (1.6.8)
  - TFY_Navigation (2.6.4):
    - TFY_Navigation/TFY_NavControoler (= 2.6.4)
    - TFY_Navigation/TFY_PageController (= 2.6.4)
  - TFY_Navigation/TFY_NavControoler (2.6.4):
    - TFY_Navigation/TFY_NavControoler/TFY_Category (= 2.6.4)
    - TFY_Navigation/TFY_NavControoler/TFY_Configure (= 2.6.4)
    - TFY_Navigation/TFY_NavControoler/TFY_NavBasVcKit (= 2.6.4)
    - TFY_Navigation/TFY_NavControoler/TFY_NavigationKit (= 2.6.4)
  - TFY_Navigation/TFY_NavControoler/TFY_Category (2.6.4):
    - TFY_Navigation/TFY_NavControoler/TFY_Configure
  - TFY_Navigation/TFY_NavControoler/TFY_Configure (2.6.4)
  - TFY_Navigation/TFY_NavControoler/TFY_NavBasVcKit (2.6.4):
    - TFY_Navigation/TFY_NavControoler/TFY_Category
    - TFY_Navigation/TFY_NavControoler/TFY_Configure
  - TFY_Navigation/TFY_NavControoler/TFY_NavigationKit (2.6.4):
    - TFY_Navigation/TFY_NavControoler/TFY_Configure
  - TFY_Navigation/TFY_PageController (2.6.4)

DEPENDENCIES:
  - ReactiveObjC
  - TFY_AutoLayout
  - TFY_ContactManager
  - TFY_LayoutCategoryKit
  - TFY_Navigation

SPEC REPOS:
  https://github.com/CocoaPods/Specs.git:
    - ReactiveObjC
    - TFY_AutoLayout
    - TFY_ContactManager
    - TFY_LayoutCategoryKit
    - TFY_Navigation

SPEC CHECKSUMS:
  ReactiveObjC: 011caa393aa0383245f2dcf9bf02e86b80b36040
  TFY_AutoLayout: 51019bdcdb78b9a145bd0ed351d23be93379dc0b
  TFY_ContactManager: 208d2000ed068e37044710c6396836ffc3c3b1b2
  TFY_LayoutCategoryKit: 1114d02981a898cfce539698236702bef66d33ee
  TFY_Navigation: 9d9bf5a9ced9d7be01a8b99d63066b12731351cb

PODFILE CHECKSUM: d32dfed6d57643937c8bde39986318e85ada648f

COCOAPODS: 1.10.0
