// !$*UTF8*$!
{
	archiveVersion = 1;
	classes = {
	};
	objectVersion = 51;
	objects = {

/* Begin PBXBuildFile section */
		5604D7D0238DFDA3002B76A1 /* Main.storyboard in Resources */ = {isa = PBXBuildFile; fileRef = 5604D7CE238DFDA3002B76A1 /* Main.storyboard */; };
		5604D7D2238DFDA4002B76A1 /* Assets.xcassets in Resources */ = {isa = PBXBuildFile; fileRef = 5604D7D1238DFDA4002B76A1 /* Assets.xcassets */; };
		5604D7D5238DFDA4002B76A1 /* LaunchScreen.storyboard in Resources */ = {isa = PBXBuildFile; fileRef = 5604D7D3238DFDA4002B76A1 /* LaunchScreen.storyboard */; };
		5604D7D8238DFDA4002B76A1 /* main.m in Sources */ = {isa = PBXBuildFile; fileRef = 5604D7D7238DFDA4002B76A1 /* main.m */; };
		5604D7E2238DFDA4002B76A1 /* TFY_TabBarControllerTests.m in Sources */ = {isa = PBXBuildFile; fileRef = 5604D7E1238DFDA4002B76A1 /* TFY_TabBarControllerTests.m */; };
		5604D7ED238DFDA4002B76A1 /* TFY_TabBarControllerUITests.m in Sources */ = {isa = PBXBuildFile; fileRef = 5604D7EC238DFDA4002B76A1 /* TFY_TabBarControllerUITests.m */; };
		5604D81B238DFEA1002B76A1 /* SceneDelegate.m in Sources */ = {isa = PBXBuildFile; fileRef = 5604D7FC238DFEA1002B76A1 /* SceneDelegate.m */; };
		5604D81C238DFEA1002B76A1 /* AppDelegate.m in Sources */ = {isa = PBXBuildFile; fileRef = 5604D7FD238DFEA1002B76A1 /* AppDelegate.m */; };
		5604D822238DFEA1002B76A1 /* TfySY_TestTabBar.m in Sources */ = {isa = PBXBuildFile; fileRef = 5604D810238DFEA1002B76A1 /* TfySY_TestTabBar.m */; };
		5604D823238DFEA1002B76A1 /* TfySY_TabBarItem.m in Sources */ = {isa = PBXBuildFile; fileRef = 5604D813238DFEA1002B76A1 /* TfySY_TabBarItem.m */; };
		5604D824238DFEA1002B76A1 /* TfySY_TabBarBadge.m in Sources */ = {isa = PBXBuildFile; fileRef = 5604D814238DFEA1002B76A1 /* TfySY_TabBarBadge.m */; };
		5604D825238DFEA1002B76A1 /* TfySY_TabBar.m in Sources */ = {isa = PBXBuildFile; fileRef = 5604D816238DFEA1002B76A1 /* TfySY_TabBar.m */; };
		5604D826238DFEA1002B76A1 /* TfySY_TabBarController.m in Sources */ = {isa = PBXBuildFile; fileRef = 5604D817238DFEA1002B76A1 /* TfySY_TabBarController.m */; };
		5604D82A238DFF3D002B76A1 /* ViewController.m in Sources */ = {isa = PBXBuildFile; fileRef = 5604D829238DFF3D002B76A1 /* ViewController.m */; };
		5604D8BF238DFFCB002B76A1 /* PushHiddenTabBarVC.m in Sources */ = {isa = PBXBuildFile; fileRef = 5604D82D238DFFCA002B76A1 /* PushHiddenTabBarVC.m */; };
		5604D8C0238DFFCB002B76A1 /* WeiBoTabBarVC.m in Sources */ = {isa = PBXBuildFile; fileRef = 5604D831238DFFCA002B76A1 /* WeiBoTabBarVC.m */; };
		5604D8C1238DFFCB002B76A1 /* JianShuTabBarVC.m in Sources */ = {isa = PBXBuildFile; fileRef = 5604D834238DFFCA002B76A1 /* JianShuTabBarVC.m */; };
		5604D8C2238DFFCB002B76A1 /* SaltedFishTabBarVC.m in Sources */ = {isa = PBXBuildFile; fileRef = 5604D836238DFFCA002B76A1 /* SaltedFishTabBarVC.m */; };
		5604D8C3238DFFCB002B76A1 /* CustomImageSelColorTabBarVC.m in Sources */ = {isa = PBXBuildFile; fileRef = 5604D83A238DFFCA002B76A1 /* CustomImageSelColorTabBarVC.m */; };
		5604D8C4238DFFCB002B76A1 /* CustomImageTabBarVC.m in Sources */ = {isa = PBXBuildFile; fileRef = 5604D83D238DFFCA002B76A1 /* CustomImageTabBarVC.m */; };
		5604D8C5238DFFCB002B76A1 /* IndicatorFollowTitleTabController.m in Sources */ = {isa = PBXBuildFile; fileRef = 5604D842238DFFCA002B76A1 /* IndicatorFollowTitleTabController.m */; };
		5604D8C6238DFFCB002B76A1 /* MultilTabController.m in Sources */ = {isa = PBXBuildFile; fileRef = 5604D845238DFFCA002B76A1 /* MultilTabController.m */; };
		5604D8C7238DFFCB002B76A1 /* DynamicItemWidthTabController.m in Sources */ = {isa = PBXBuildFile; fileRef = 5604D848238DFFCA002B76A1 /* DynamicItemWidthTabController.m */; };
		5604D8C8238DFFCB002B76A1 /* HeaderViewTabController.m in Sources */ = {isa = PBXBuildFile; fileRef = 5604D84A238DFFCA002B76A1 /* HeaderViewTabController.m */; };
		5604D8C9238DFFCB002B76A1 /* WebViewController.m in Sources */ = {isa = PBXBuildFile; fileRef = 5604D84C238DFFCA002B76A1 /* WebViewController.m */; };
		5604D8CA238DFFCB002B76A1 /* TableViewController.m in Sources */ = {isa = PBXBuildFile; fileRef = 5604D84E238DFFCA002B76A1 /* TableViewController.m */; };
		5604D8CB238DFFCB002B76A1 /* FixedItemWidthTabController.m in Sources */ = {isa = PBXBuildFile; fileRef = 5604D851238DFFCA002B76A1 /* FixedItemWidthTabController.m */; };
		5604D8CC238DFFCB002B76A1 /* SegmentTabController.m in Sources */ = {isa = PBXBuildFile; fileRef = 5604D855238DFFCB002B76A1 /* SegmentTabController.m */; };
		5604D8CD238DFFCB002B76A1 /* CustomIndicatorTabController.m in Sources */ = {isa = PBXBuildFile; fileRef = 5604D858238DFFCB002B76A1 /* CustomIndicatorTabController.m */; };
		5604D8CE238DFFCB002B76A1 /* ItemSizeLayoutTabBarVC.m in Sources */ = {isa = PBXBuildFile; fileRef = 5604D85B238DFFCB002B76A1 /* ItemSizeLayoutTabBarVC.m */; };
		5604D8CF238DFFCB002B76A1 /* WHGradientHelperGradientTabBarVC2.m in Sources */ = {isa = PBXBuildFile; fileRef = 5604D85D238DFFCB002B76A1 /* WHGradientHelperGradientTabBarVC2.m */; };
		5604D8D0238DFFCB002B76A1 /* WHGradientHelperGradientTabBarVC.m in Sources */ = {isa = PBXBuildFile; fileRef = 5604D860238DFFCB002B76A1 /* WHGradientHelperGradientTabBarVC.m */; };
		5604D8D1238DFFCB002B76A1 /* WHGradientHelperGradientTabBarVC4.m in Sources */ = {isa = PBXBuildFile; fileRef = 5604D864238DFFCB002B76A1 /* WHGradientHelperGradientTabBarVC4.m */; };
		5604D8D2238DFFCB002B76A1 /* WHGradientHelperGradientTabBarVC3.m in Sources */ = {isa = PBXBuildFile; fileRef = 5604D867238DFFCB002B76A1 /* WHGradientHelperGradientTabBarVC3.m */; };
		5604D8D3238DFFCB002B76A1 /* ItemTingColorTabBarVC.m in Sources */ = {isa = PBXBuildFile; fileRef = 5604D869238DFFCB002B76A1 /* ItemTingColorTabBarVC.m */; };
		5604D8D4238DFFCB002B76A1 /* ImageTranslucentTabBarVC.m in Sources */ = {isa = PBXBuildFile; fileRef = 5604D86D238DFFCB002B76A1 /* ImageTranslucentTabBarVC.m */; };
		5604D8D5238DFFCB002B76A1 /* ItemCustomBadgeTabBarVC.m in Sources */ = {isa = PBXBuildFile; fileRef = 5604D870238DFFCB002B76A1 /* ItemCustomBadgeTabBarVC.m */; };
		5604D8D6238DFFCB002B76A1 /* MultipleBulgeCircularTabBarVC.m in Sources */ = {isa = PBXBuildFile; fileRef = 5604D872238DFFCB002B76A1 /* MultipleBulgeCircularTabBarVC.m */; };
		5604D8D7238DFFCB002B76A1 /* WHGradientHelperGradientItemTabBarVC.m in Sources */ = {isa = PBXBuildFile; fileRef = 5604D876238DFFCB002B76A1 /* WHGradientHelperGradientItemTabBarVC.m */; };
		5604D8D8238DFFCB002B76A1 /* BulgeCircularTabBarVC.m in Sources */ = {isa = PBXBuildFile; fileRef = 5604D878238DFFCB002B76A1 /* BulgeCircularTabBarVC.m */; };
		5604D8D9238DFFCB002B76A1 /* ItemSizeAlignmentTabBarVC.m in Sources */ = {isa = PBXBuildFile; fileRef = 5604D87C238DFFCB002B76A1 /* ItemSizeAlignmentTabBarVC.m */; };
		5604D8DA238DFFCB002B76A1 /* ItemCustomAnimationTabBarVC.m in Sources */ = {isa = PBXBuildFile; fileRef = 5604D87F238DFFCB002B76A1 /* ItemCustomAnimationTabBarVC.m */; };
		5604D8DB238DFFCB002B76A1 /* ItemBackgroundImageTabBarVC.m in Sources */ = {isa = PBXBuildFile; fileRef = 5604D882238DFFCB002B76A1 /* ItemBackgroundImageTabBarVC.m */; };
		5604D8DC238DFFCB002B76A1 /* MultipleBulgeHybridTabBarVC.m in Sources */ = {isa = PBXBuildFile; fileRef = 5604D884238DFFCB002B76A1 /* MultipleBulgeHybridTabBarVC.m */; };
		5604D8DD238DFFCB002B76A1 /* BulgeSquareTabBarVC.m in Sources */ = {isa = PBXBuildFile; fileRef = 5604D887238DFFCB002B76A1 /* BulgeSquareTabBarVC.m */; };
		5604D8DE238DFFCB002B76A1 /* ItemSizeTabBarVC.m in Sources */ = {isa = PBXBuildFile; fileRef = 5604D88A238DFFCB002B76A1 /* ItemSizeTabBarVC.m */; };
		5604D8DF238DFFCB002B76A1 /* BasedUsingTabBarVC.m in Sources */ = {isa = PBXBuildFile; fileRef = 5604D88E238DFFCB002B76A1 /* BasedUsingTabBarVC.m */; };
		5604D8E0238DFFCB002B76A1 /* ItemBackgroundColorTabBarVC.m in Sources */ = {isa = PBXBuildFile; fileRef = 5604D890238DFFCB002B76A1 /* ItemBackgroundColorTabBarVC.m */; };
		5604D8E1238DFFCB002B76A1 /* HybridGradientHelperTabBarVC.m in Sources */ = {isa = PBXBuildFile; fileRef = 5604D893238DFFCB002B76A1 /* HybridGradientHelperTabBarVC.m */; };
		5604D8E2238DFFCB002B76A1 /* BadgeViewController.xib in Resources */ = {isa = PBXBuildFile; fileRef = 5604D897238DFFCB002B76A1 /* BadgeViewController.xib */; };
		5604D8E3238DFFCB002B76A1 /* TestHiddenVC.m in Sources */ = {isa = PBXBuildFile; fileRef = 5604D89A238DFFCB002B76A1 /* TestHiddenVC.m */; };
		5604D8E4238DFFCB002B76A1 /* TestPushHiddenVC.xib in Resources */ = {isa = PBXBuildFile; fileRef = 5604D89B238DFFCB002B76A1 /* TestPushHiddenVC.xib */; };
		5604D8E5238DFFCB002B76A1 /* TestGetTabBarItemVC.xib in Resources */ = {isa = PBXBuildFile; fileRef = 5604D89D238DFFCB002B76A1 /* TestGetTabBarItemVC.xib */; };
		5604D8E6238DFFCB002B76A1 /* BadgeViewController.m in Sources */ = {isa = PBXBuildFile; fileRef = 5604D89E238DFFCB002B76A1 /* BadgeViewController.m */; };
		5604D8E7238DFFCB002B76A1 /* TestVC.m in Sources */ = {isa = PBXBuildFile; fileRef = 5604D89F238DFFCB002B76A1 /* TestVC.m */; };
		5604D8E8238DFFCB002B76A1 /* TestPushHiddenVC.m in Sources */ = {isa = PBXBuildFile; fileRef = 5604D8A1238DFFCB002B76A1 /* TestPushHiddenVC.m */; };
		5604D8E9238DFFCB002B76A1 /* TestVC.xib in Resources */ = {isa = PBXBuildFile; fileRef = 5604D8A2238DFFCB002B76A1 /* TestVC.xib */; };
		5604D8EA238DFFCB002B76A1 /* TestGetTabBarItemVC.m in Sources */ = {isa = PBXBuildFile; fileRef = 5604D8A3238DFFCB002B76A1 /* TestGetTabBarItemVC.m */; };
		5604D8EB238DFFCB002B76A1 /* TestHiddenVC.xib in Resources */ = {isa = PBXBuildFile; fileRef = 5604D8A4238DFFCB002B76A1 /* TestHiddenVC.xib */; };
		5604D8F2238DFFCB002B76A1 /* HomeController.m in Sources */ = {isa = PBXBuildFile; fileRef = 5604D8B6238DFFCB002B76A1 /* HomeController.m */; };
		5604D8F3238DFFCB002B76A1 /* HomeTableViewCell.m in Sources */ = {isa = PBXBuildFile; fileRef = 5604D8B9238DFFCB002B76A1 /* HomeTableViewCell.m */; };
		5604D8F4238DFFCB002B76A1 /* WHGradientHelper.m in Sources */ = {isa = PBXBuildFile; fileRef = 5604D8BD238DFFCB002B76A1 /* WHGradientHelper.m */; };
		5604D8F6238E03FF002B76A1 /* UIKit.framework in Frameworks */ = {isa = PBXBuildFile; fileRef = 5604D8F5238E03FF002B76A1 /* UIKit.framework */; };
		5604D8F8238E0406002B76A1 /* Foundation.framework in Frameworks */ = {isa = PBXBuildFile; fileRef = 5604D8F7238E0406002B76A1 /* Foundation.framework */; };
		56E2B57F247D0FAE0030DC25 /* BasicFunctionListVC.m in Sources */ = {isa = PBXBuildFile; fileRef = 56E2B57E247D0FAE0030DC25 /* BasicFunctionListVC.m */; };
		56E2B584247D10150030DC25 /* CommonTableViewController.m in Sources */ = {isa = PBXBuildFile; fileRef = 56E2B581247D10150030DC25 /* CommonTableViewController.m */; };
		56E2B585247D10150030DC25 /* CommonPageViewController.m in Sources */ = {isa = PBXBuildFile; fileRef = 56E2B583247D10150030DC25 /* CommonPageViewController.m */; };
		C92074BF4CDD0A260EDA3AF7 /* Pods_TFY_TabBarController.framework in Frameworks */ = {isa = PBXBuildFile; fileRef = 686627018EE5904B8558082F /* Pods_TFY_TabBarController.framework */; };
/* End PBXBuildFile section */

/* Begin PBXContainerItemProxy section */
		5604D7DE238DFDA4002B76A1 /* PBXContainerItemProxy */ = {
			isa = PBXContainerItemProxy;
			containerPortal = 5604D7BA238DFDA3002B76A1 /* Project object */;
			proxyType = 1;
			remoteGlobalIDString = 5604D7C1238DFDA3002B76A1;
			remoteInfo = TFY_TabBarController;
		};
		5604D7E9238DFDA4002B76A1 /* PBXContainerItemProxy */ = {
			isa = PBXContainerItemProxy;
			containerPortal = 5604D7BA238DFDA3002B76A1 /* Project object */;
			proxyType = 1;
			remoteGlobalIDString = 5604D7C1238DFDA3002B76A1;
			remoteInfo = TFY_TabBarController;
		};
/* End PBXContainerItemProxy section */

/* Begin PBXFileReference section */
		11F7105447BA34DF9F2C68BF /* Pods-TFY_TabBarController.release.xcconfig */ = {isa = PBXFileReference; includeInIndex = 1; lastKnownFileType = text.xcconfig; name = "Pods-TFY_TabBarController.release.xcconfig"; path = "Target Support Files/Pods-TFY_TabBarController/Pods-TFY_TabBarController.release.xcconfig"; sourceTree = "<group>"; };
		5604D7C2238DFDA3002B76A1 /* TFY_TabBarController.app */ = {isa = PBXFileReference; explicitFileType = wrapper.application; includeInIndex = 0; path = TFY_TabBarController.app; sourceTree = BUILT_PRODUCTS_DIR; };
		5604D7CF238DFDA3002B76A1 /* Base */ = {isa = PBXFileReference; lastKnownFileType = file.storyboard; name = Base; path = Base.lproj/Main.storyboard; sourceTree = "<group>"; };
		5604D7D1238DFDA4002B76A1 /* Assets.xcassets */ = {isa = PBXFileReference; lastKnownFileType = folder.assetcatalog; path = Assets.xcassets; sourceTree = "<group>"; };
		5604D7D4238DFDA4002B76A1 /* Base */ = {isa = PBXFileReference; lastKnownFileType = file.storyboard; name = Base; path = Base.lproj/LaunchScreen.storyboard; sourceTree = "<group>"; };
		5604D7D6238DFDA4002B76A1 /* Info.plist */ = {isa = PBXFileReference; lastKnownFileType = text.plist.xml; path = Info.plist; sourceTree = "<group>"; };
		5604D7D7238DFDA4002B76A1 /* main.m */ = {isa = PBXFileReference; lastKnownFileType = sourcecode.c.objc; path = main.m; sourceTree = "<group>"; };
		5604D7DD238DFDA4002B76A1 /* TFY_TabBarControllerTests.xctest */ = {isa = PBXFileReference; explicitFileType = wrapper.cfbundle; includeInIndex = 0; path = TFY_TabBarControllerTests.xctest; sourceTree = BUILT_PRODUCTS_DIR; };
		5604D7E1238DFDA4002B76A1 /* TFY_TabBarControllerTests.m */ = {isa = PBXFileReference; lastKnownFileType = sourcecode.c.objc; path = TFY_TabBarControllerTests.m; sourceTree = "<group>"; };
		5604D7E3238DFDA4002B76A1 /* Info.plist */ = {isa = PBXFileReference; lastKnownFileType = text.plist.xml; path = Info.plist; sourceTree = "<group>"; };
		5604D7E8238DFDA4002B76A1 /* TFY_TabBarControllerUITests.xctest */ = {isa = PBXFileReference; explicitFileType = wrapper.cfbundle; includeInIndex = 0; path = TFY_TabBarControllerUITests.xctest; sourceTree = BUILT_PRODUCTS_DIR; };
		5604D7EC238DFDA4002B76A1 /* TFY_TabBarControllerUITests.m */ = {isa = PBXFileReference; lastKnownFileType = sourcecode.c.objc; path = TFY_TabBarControllerUITests.m; sourceTree = "<group>"; };
		5604D7EE238DFDA4002B76A1 /* Info.plist */ = {isa = PBXFileReference; lastKnownFileType = text.plist.xml; path = Info.plist; sourceTree = "<group>"; };
		5604D7FB238DFEA1002B76A1 /* AppDelegate.h */ = {isa = PBXFileReference; fileEncoding = 4; lastKnownFileType = sourcecode.c.h; path = AppDelegate.h; sourceTree = "<group>"; };
		5604D7FC238DFEA1002B76A1 /* SceneDelegate.m */ = {isa = PBXFileReference; fileEncoding = 4; lastKnownFileType = sourcecode.c.objc; path = SceneDelegate.m; sourceTree = "<group>"; };
		5604D7FD238DFEA1002B76A1 /* AppDelegate.m */ = {isa = PBXFileReference; fileEncoding = 4; lastKnownFileType = sourcecode.c.objc; path = AppDelegate.m; sourceTree = "<group>"; };
		5604D7FE238DFEA1002B76A1 /* SceneDelegate.h */ = {isa = PBXFileReference; fileEncoding = 4; lastKnownFileType = sourcecode.c.h; path = SceneDelegate.h; sourceTree = "<group>"; };
		5604D801238DFEA1002B76A1 /* TFY_TabBarHeader.h */ = {isa = PBXFileReference; fileEncoding = 4; lastKnownFileType = sourcecode.c.h; path = TFY_TabBarHeader.h; sourceTree = "<group>"; };
		5604D80F238DFEA1002B76A1 /* TfySY_TabBar.h */ = {isa = PBXFileReference; fileEncoding = 4; lastKnownFileType = sourcecode.c.h; path = TfySY_TabBar.h; sourceTree = "<group>"; };
		5604D810238DFEA1002B76A1 /* TfySY_TestTabBar.m */ = {isa = PBXFileReference; fileEncoding = 4; lastKnownFileType = sourcecode.c.objc; path = TfySY_TestTabBar.m; sourceTree = "<group>"; };
		5604D811238DFEA1002B76A1 /* TfySY_TabBarDefine.h */ = {isa = PBXFileReference; fileEncoding = 4; lastKnownFileType = sourcecode.c.h; path = TfySY_TabBarDefine.h; sourceTree = "<group>"; };
		5604D812238DFEA1002B76A1 /* TfySY_TabBarController.h */ = {isa = PBXFileReference; fileEncoding = 4; lastKnownFileType = sourcecode.c.h; path = TfySY_TabBarController.h; sourceTree = "<group>"; };
		5604D813238DFEA1002B76A1 /* TfySY_TabBarItem.m */ = {isa = PBXFileReference; fileEncoding = 4; lastKnownFileType = sourcecode.c.objc; path = TfySY_TabBarItem.m; sourceTree = "<group>"; };
		5604D814238DFEA1002B76A1 /* TfySY_TabBarBadge.m */ = {isa = PBXFileReference; fileEncoding = 4; lastKnownFileType = sourcecode.c.objc; path = TfySY_TabBarBadge.m; sourceTree = "<group>"; };
		5604D815238DFEA1002B76A1 /* TfySY_TestTabBar.h */ = {isa = PBXFileReference; fileEncoding = 4; lastKnownFileType = sourcecode.c.h; path = TfySY_TestTabBar.h; sourceTree = "<group>"; };
		5604D816238DFEA1002B76A1 /* TfySY_TabBar.m */ = {isa = PBXFileReference; fileEncoding = 4; lastKnownFileType = sourcecode.c.objc; path = TfySY_TabBar.m; sourceTree = "<group>"; };
		5604D817238DFEA1002B76A1 /* TfySY_TabBarController.m */ = {isa = PBXFileReference; fileEncoding = 4; lastKnownFileType = sourcecode.c.objc; path = TfySY_TabBarController.m; sourceTree = "<group>"; };
		5604D818238DFEA1002B76A1 /* TfySY_TabBarBadge.h */ = {isa = PBXFileReference; fileEncoding = 4; lastKnownFileType = sourcecode.c.h; path = TfySY_TabBarBadge.h; sourceTree = "<group>"; };
		5604D819238DFEA1002B76A1 /* TfySY_TabBarItem.h */ = {isa = PBXFileReference; fileEncoding = 4; lastKnownFileType = sourcecode.c.h; path = TfySY_TabBarItem.h; sourceTree = "<group>"; };
		5604D827238DFEBA002B76A1 /* TFY_PrefixHeader.pch */ = {isa = PBXFileReference; lastKnownFileType = sourcecode.c.h; path = TFY_PrefixHeader.pch; sourceTree = "<group>"; };
		5604D828238DFF3D002B76A1 /* ViewController.h */ = {isa = PBXFileReference; fileEncoding = 4; lastKnownFileType = sourcecode.c.h; path = ViewController.h; sourceTree = "<group>"; };
		5604D829238DFF3D002B76A1 /* ViewController.m */ = {isa = PBXFileReference; fileEncoding = 4; lastKnownFileType = sourcecode.c.objc; path = ViewController.m; sourceTree = "<group>"; };
		5604D82C238DFFCA002B76A1 /* PushHiddenTabBarVC.h */ = {isa = PBXFileReference; fileEncoding = 4; lastKnownFileType = sourcecode.c.h; path = PushHiddenTabBarVC.h; sourceTree = "<group>"; };
		5604D82D238DFFCA002B76A1 /* PushHiddenTabBarVC.m */ = {isa = PBXFileReference; fileEncoding = 4; lastKnownFileType = sourcecode.c.objc; path = PushHiddenTabBarVC.m; sourceTree = "<group>"; };
		5604D830238DFFCA002B76A1 /* WeiBoTabBarVC.h */ = {isa = PBXFileReference; fileEncoding = 4; lastKnownFileType = sourcecode.c.h; path = WeiBoTabBarVC.h; sourceTree = "<group>"; };
		5604D831238DFFCA002B76A1 /* WeiBoTabBarVC.m */ = {isa = PBXFileReference; fileEncoding = 4; lastKnownFileType = sourcecode.c.objc; path = WeiBoTabBarVC.m; sourceTree = "<group>"; };
		5604D833238DFFCA002B76A1 /* JianShuTabBarVC.h */ = {isa = PBXFileReference; fileEncoding = 4; lastKnownFileType = sourcecode.c.h; path = JianShuTabBarVC.h; sourceTree = "<group>"; };
		5604D834238DFFCA002B76A1 /* JianShuTabBarVC.m */ = {isa = PBXFileReference; fileEncoding = 4; lastKnownFileType = sourcecode.c.objc; path = JianShuTabBarVC.m; sourceTree = "<group>"; };
		5604D836238DFFCA002B76A1 /* SaltedFishTabBarVC.m */ = {isa = PBXFileReference; fileEncoding = 4; lastKnownFileType = sourcecode.c.objc; path = SaltedFishTabBarVC.m; sourceTree = "<group>"; };
		5604D837238DFFCA002B76A1 /* SaltedFishTabBarVC.h */ = {isa = PBXFileReference; fileEncoding = 4; lastKnownFileType = sourcecode.c.h; path = SaltedFishTabBarVC.h; sourceTree = "<group>"; };
		5604D83A238DFFCA002B76A1 /* CustomImageSelColorTabBarVC.m */ = {isa = PBXFileReference; fileEncoding = 4; lastKnownFileType = sourcecode.c.objc; path = CustomImageSelColorTabBarVC.m; sourceTree = "<group>"; };
		5604D83B238DFFCA002B76A1 /* CustomImageSelColorTabBarVC.h */ = {isa = PBXFileReference; fileEncoding = 4; lastKnownFileType = sourcecode.c.h; path = CustomImageSelColorTabBarVC.h; sourceTree = "<group>"; };
		5604D83D238DFFCA002B76A1 /* CustomImageTabBarVC.m */ = {isa = PBXFileReference; fileEncoding = 4; lastKnownFileType = sourcecode.c.objc; path = CustomImageTabBarVC.m; sourceTree = "<group>"; };
		5604D83E238DFFCA002B76A1 /* CustomImageTabBarVC.h */ = {isa = PBXFileReference; fileEncoding = 4; lastKnownFileType = sourcecode.c.h; path = CustomImageTabBarVC.h; sourceTree = "<group>"; };
		5604D841238DFFCA002B76A1 /* IndicatorFollowTitleTabController.h */ = {isa = PBXFileReference; fileEncoding = 4; lastKnownFileType = sourcecode.c.h; path = IndicatorFollowTitleTabController.h; sourceTree = "<group>"; };
		5604D842238DFFCA002B76A1 /* IndicatorFollowTitleTabController.m */ = {isa = PBXFileReference; fileEncoding = 4; lastKnownFileType = sourcecode.c.objc; path = IndicatorFollowTitleTabController.m; sourceTree = "<group>"; };
		5604D844238DFFCA002B76A1 /* MultilTabController.h */ = {isa = PBXFileReference; fileEncoding = 4; lastKnownFileType = sourcecode.c.h; path = MultilTabController.h; sourceTree = "<group>"; };
		5604D845238DFFCA002B76A1 /* MultilTabController.m */ = {isa = PBXFileReference; fileEncoding = 4; lastKnownFileType = sourcecode.c.objc; path = MultilTabController.m; sourceTree = "<group>"; };
		5604D847238DFFCA002B76A1 /* DynamicItemWidthTabController.h */ = {isa = PBXFileReference; fileEncoding = 4; lastKnownFileType = sourcecode.c.h; path = DynamicItemWidthTabController.h; sourceTree = "<group>"; };
		5604D848238DFFCA002B76A1 /* DynamicItemWidthTabController.m */ = {isa = PBXFileReference; fileEncoding = 4; lastKnownFileType = sourcecode.c.objc; path = DynamicItemWidthTabController.m; sourceTree = "<group>"; };
		5604D84A238DFFCA002B76A1 /* HeaderViewTabController.m */ = {isa = PBXFileReference; fileEncoding = 4; lastKnownFileType = sourcecode.c.objc; path = HeaderViewTabController.m; sourceTree = "<group>"; };
		5604D84B238DFFCA002B76A1 /* TableViewController.h */ = {isa = PBXFileReference; fileEncoding = 4; lastKnownFileType = sourcecode.c.h; path = TableViewController.h; sourceTree = "<group>"; };
		5604D84C238DFFCA002B76A1 /* WebViewController.m */ = {isa = PBXFileReference; fileEncoding = 4; lastKnownFileType = sourcecode.c.objc; path = WebViewController.m; sourceTree = "<group>"; };
		5604D84D238DFFCA002B76A1 /* HeaderViewTabController.h */ = {isa = PBXFileReference; fileEncoding = 4; lastKnownFileType = sourcecode.c.h; path = HeaderViewTabController.h; sourceTree = "<group>"; };
		5604D84E238DFFCA002B76A1 /* TableViewController.m */ = {isa = PBXFileReference; fileEncoding = 4; lastKnownFileType = sourcecode.c.objc; path = TableViewController.m; sourceTree = "<group>"; };
		5604D84F238DFFCA002B76A1 /* WebViewController.h */ = {isa = PBXFileReference; fileEncoding = 4; lastKnownFileType = sourcecode.c.h; path = WebViewController.h; sourceTree = "<group>"; };
		5604D851238DFFCA002B76A1 /* FixedItemWidthTabController.m */ = {isa = PBXFileReference; fileEncoding = 4; lastKnownFileType = sourcecode.c.objc; path = FixedItemWidthTabController.m; sourceTree = "<group>"; };
		5604D852238DFFCB002B76A1 /* FixedItemWidthTabController.h */ = {isa = PBXFileReference; fileEncoding = 4; lastKnownFileType = sourcecode.c.h; path = FixedItemWidthTabController.h; sourceTree = "<group>"; };
		5604D854238DFFCB002B76A1 /* SegmentTabController.h */ = {isa = PBXFileReference; fileEncoding = 4; lastKnownFileType = sourcecode.c.h; path = SegmentTabController.h; sourceTree = "<group>"; };
		5604D855238DFFCB002B76A1 /* SegmentTabController.m */ = {isa = PBXFileReference; fileEncoding = 4; lastKnownFileType = sourcecode.c.objc; path = SegmentTabController.m; sourceTree = "<group>"; };
		5604D857238DFFCB002B76A1 /* CustomIndicatorTabController.h */ = {isa = PBXFileReference; fileEncoding = 4; lastKnownFileType = sourcecode.c.h; path = CustomIndicatorTabController.h; sourceTree = "<group>"; };
		5604D858238DFFCB002B76A1 /* CustomIndicatorTabController.m */ = {isa = PBXFileReference; fileEncoding = 4; lastKnownFileType = sourcecode.c.objc; path = CustomIndicatorTabController.m; sourceTree = "<group>"; };
		5604D85A238DFFCB002B76A1 /* ItemSizeLayoutTabBarVC.h */ = {isa = PBXFileReference; fileEncoding = 4; lastKnownFileType = sourcecode.c.h; path = ItemSizeLayoutTabBarVC.h; sourceTree = "<group>"; };
		5604D85B238DFFCB002B76A1 /* ItemSizeLayoutTabBarVC.m */ = {isa = PBXFileReference; fileEncoding = 4; lastKnownFileType = sourcecode.c.objc; path = ItemSizeLayoutTabBarVC.m; sourceTree = "<group>"; };
		5604D85D238DFFCB002B76A1 /* WHGradientHelperGradientTabBarVC2.m */ = {isa = PBXFileReference; fileEncoding = 4; lastKnownFileType = sourcecode.c.objc; path = WHGradientHelperGradientTabBarVC2.m; sourceTree = "<group>"; };
		5604D85E238DFFCB002B76A1 /* WHGradientHelperGradientTabBarVC2.h */ = {isa = PBXFileReference; fileEncoding = 4; lastKnownFileType = sourcecode.c.h; path = WHGradientHelperGradientTabBarVC2.h; sourceTree = "<group>"; };
		5604D860238DFFCB002B76A1 /* WHGradientHelperGradientTabBarVC.m */ = {isa = PBXFileReference; fileEncoding = 4; lastKnownFileType = sourcecode.c.objc; path = WHGradientHelperGradientTabBarVC.m; sourceTree = "<group>"; };
		5604D861238DFFCB002B76A1 /* WHGradientHelperGradientTabBarVC.h */ = {isa = PBXFileReference; fileEncoding = 4; lastKnownFileType = sourcecode.c.h; path = WHGradientHelperGradientTabBarVC.h; sourceTree = "<group>"; };
		5604D863238DFFCB002B76A1 /* WHGradientHelperGradientTabBarVC4.h */ = {isa = PBXFileReference; fileEncoding = 4; lastKnownFileType = sourcecode.c.h; path = WHGradientHelperGradientTabBarVC4.h; sourceTree = "<group>"; };
		5604D864238DFFCB002B76A1 /* WHGradientHelperGradientTabBarVC4.m */ = {isa = PBXFileReference; fileEncoding = 4; lastKnownFileType = sourcecode.c.objc; path = WHGradientHelperGradientTabBarVC4.m; sourceTree = "<group>"; };
		5604D866238DFFCB002B76A1 /* WHGradientHelperGradientTabBarVC3.h */ = {isa = PBXFileReference; fileEncoding = 4; lastKnownFileType = sourcecode.c.h; path = WHGradientHelperGradientTabBarVC3.h; sourceTree = "<group>"; };
		5604D867238DFFCB002B76A1 /* WHGradientHelperGradientTabBarVC3.m */ = {isa = PBXFileReference; fileEncoding = 4; lastKnownFileType = sourcecode.c.objc; path = WHGradientHelperGradientTabBarVC3.m; sourceTree = "<group>"; };
		5604D869238DFFCB002B76A1 /* ItemTingColorTabBarVC.m */ = {isa = PBXFileReference; fileEncoding = 4; lastKnownFileType = sourcecode.c.objc; path = ItemTingColorTabBarVC.m; sourceTree = "<group>"; };
		5604D86A238DFFCB002B76A1 /* ItemTingColorTabBarVC.h */ = {isa = PBXFileReference; fileEncoding = 4; lastKnownFileType = sourcecode.c.h; path = ItemTingColorTabBarVC.h; sourceTree = "<group>"; };
		5604D86C238DFFCB002B76A1 /* ImageTranslucentTabBarVC.h */ = {isa = PBXFileReference; fileEncoding = 4; lastKnownFileType = sourcecode.c.h; path = ImageTranslucentTabBarVC.h; sourceTree = "<group>"; };
		5604D86D238DFFCB002B76A1 /* ImageTranslucentTabBarVC.m */ = {isa = PBXFileReference; fileEncoding = 4; lastKnownFileType = sourcecode.c.objc; path = ImageTranslucentTabBarVC.m; sourceTree = "<group>"; };
		5604D86F238DFFCB002B76A1 /* ItemCustomBadgeTabBarVC.h */ = {isa = PBXFileReference; fileEncoding = 4; lastKnownFileType = sourcecode.c.h; path = ItemCustomBadgeTabBarVC.h; sourceTree = "<group>"; };
		5604D870238DFFCB002B76A1 /* ItemCustomBadgeTabBarVC.m */ = {isa = PBXFileReference; fileEncoding = 4; lastKnownFileType = sourcecode.c.objc; path = ItemCustomBadgeTabBarVC.m; sourceTree = "<group>"; };
		5604D872238DFFCB002B76A1 /* MultipleBulgeCircularTabBarVC.m */ = {isa = PBXFileReference; fileEncoding = 4; lastKnownFileType = sourcecode.c.objc; path = MultipleBulgeCircularTabBarVC.m; sourceTree = "<group>"; };
		5604D873238DFFCB002B76A1 /* MultipleBulgeCircularTabBarVC.h */ = {isa = PBXFileReference; fileEncoding = 4; lastKnownFileType = sourcecode.c.h; path = MultipleBulgeCircularTabBarVC.h; sourceTree = "<group>"; };
		5604D875238DFFCB002B76A1 /* WHGradientHelperGradientItemTabBarVC.h */ = {isa = PBXFileReference; fileEncoding = 4; lastKnownFileType = sourcecode.c.h; path = WHGradientHelperGradientItemTabBarVC.h; sourceTree = "<group>"; };
		5604D876238DFFCB002B76A1 /* WHGradientHelperGradientItemTabBarVC.m */ = {isa = PBXFileReference; fileEncoding = 4; lastKnownFileType = sourcecode.c.objc; path = WHGradientHelperGradientItemTabBarVC.m; sourceTree = "<group>"; };
		5604D878238DFFCB002B76A1 /* BulgeCircularTabBarVC.m */ = {isa = PBXFileReference; fileEncoding = 4; lastKnownFileType = sourcecode.c.objc; path = BulgeCircularTabBarVC.m; sourceTree = "<group>"; };
		5604D879238DFFCB002B76A1 /* BulgeCircularTabBarVC.h */ = {isa = PBXFileReference; fileEncoding = 4; lastKnownFileType = sourcecode.c.h; path = BulgeCircularTabBarVC.h; sourceTree = "<group>"; };
		5604D87B238DFFCB002B76A1 /* ItemSizeAlignmentTabBarVC.h */ = {isa = PBXFileReference; fileEncoding = 4; lastKnownFileType = sourcecode.c.h; path = ItemSizeAlignmentTabBarVC.h; sourceTree = "<group>"; };
		5604D87C238DFFCB002B76A1 /* ItemSizeAlignmentTabBarVC.m */ = {isa = PBXFileReference; fileEncoding = 4; lastKnownFileType = sourcecode.c.objc; path = ItemSizeAlignmentTabBarVC.m; sourceTree = "<group>"; };
		5604D87E238DFFCB002B76A1 /* ItemCustomAnimationTabBarVC.h */ = {isa = PBXFileReference; fileEncoding = 4; lastKnownFileType = sourcecode.c.h; path = ItemCustomAnimationTabBarVC.h; sourceTree = "<group>"; };
		5604D87F238DFFCB002B76A1 /* ItemCustomAnimationTabBarVC.m */ = {isa = PBXFileReference; fileEncoding = 4; lastKnownFileType = sourcecode.c.objc; path = ItemCustomAnimationTabBarVC.m; sourceTree = "<group>"; };
		5604D881238DFFCB002B76A1 /* ItemBackgroundImageTabBarVC.h */ = {isa = PBXFileReference; fileEncoding = 4; lastKnownFileType = sourcecode.c.h; path = ItemBackgroundImageTabBarVC.h; sourceTree = "<group>"; };
		5604D882238DFFCB002B76A1 /* ItemBackgroundImageTabBarVC.m */ = {isa = PBXFileReference; fileEncoding = 4; lastKnownFileType = sourcecode.c.objc; path = ItemBackgroundImageTabBarVC.m; sourceTree = "<group>"; };
		5604D884238DFFCB002B76A1 /* MultipleBulgeHybridTabBarVC.m */ = {isa = PBXFileReference; fileEncoding = 4; lastKnownFileType = sourcecode.c.objc; path = MultipleBulgeHybridTabBarVC.m; sourceTree = "<group>"; };
		5604D885238DFFCB002B76A1 /* MultipleBulgeHybridTabBarVC.h */ = {isa = PBXFileReference; fileEncoding = 4; lastKnownFileType = sourcecode.c.h; path = MultipleBulgeHybridTabBarVC.h; sourceTree = "<group>"; };
		5604D887238DFFCB002B76A1 /* BulgeSquareTabBarVC.m */ = {isa = PBXFileReference; fileEncoding = 4; lastKnownFileType = sourcecode.c.objc; path = BulgeSquareTabBarVC.m; sourceTree = "<group>"; };
		5604D888238DFFCB002B76A1 /* BulgeSquareTabBarVC.h */ = {isa = PBXFileReference; fileEncoding = 4; lastKnownFileType = sourcecode.c.h; path = BulgeSquareTabBarVC.h; sourceTree = "<group>"; };
		5604D88A238DFFCB002B76A1 /* ItemSizeTabBarVC.m */ = {isa = PBXFileReference; fileEncoding = 4; lastKnownFileType = sourcecode.c.objc; path = ItemSizeTabBarVC.m; sourceTree = "<group>"; };
		5604D88B238DFFCB002B76A1 /* ItemSizeTabBarVC.h */ = {isa = PBXFileReference; fileEncoding = 4; lastKnownFileType = sourcecode.c.h; path = ItemSizeTabBarVC.h; sourceTree = "<group>"; };
		5604D88D238DFFCB002B76A1 /* BasedUsingTabBarVC.h */ = {isa = PBXFileReference; fileEncoding = 4; lastKnownFileType = sourcecode.c.h; path = BasedUsingTabBarVC.h; sourceTree = "<group>"; };
		5604D88E238DFFCB002B76A1 /* BasedUsingTabBarVC.m */ = {isa = PBXFileReference; fileEncoding = 4; lastKnownFileType = sourcecode.c.objc; path = BasedUsingTabBarVC.m; sourceTree = "<group>"; };
		5604D890238DFFCB002B76A1 /* ItemBackgroundColorTabBarVC.m */ = {isa = PBXFileReference; fileEncoding = 4; lastKnownFileType = sourcecode.c.objc; path = ItemBackgroundColorTabBarVC.m; sourceTree = "<group>"; };
		5604D891238DFFCB002B76A1 /* ItemBackgroundColorTabBarVC.h */ = {isa = PBXFileReference; fileEncoding = 4; lastKnownFileType = sourcecode.c.h; path = ItemBackgroundColorTabBarVC.h; sourceTree = "<group>"; };
		5604D893238DFFCB002B76A1 /* HybridGradientHelperTabBarVC.m */ = {isa = PBXFileReference; fileEncoding = 4; lastKnownFileType = sourcecode.c.objc; path = HybridGradientHelperTabBarVC.m; sourceTree = "<group>"; };
		5604D894238DFFCB002B76A1 /* HybridGradientHelperTabBarVC.h */ = {isa = PBXFileReference; fileEncoding = 4; lastKnownFileType = sourcecode.c.h; path = HybridGradientHelperTabBarVC.h; sourceTree = "<group>"; };
		5604D896238DFFCB002B76A1 /* TestVC.h */ = {isa = PBXFileReference; fileEncoding = 4; lastKnownFileType = sourcecode.c.h; path = TestVC.h; sourceTree = "<group>"; };
		5604D897238DFFCB002B76A1 /* BadgeViewController.xib */ = {isa = PBXFileReference; fileEncoding = 4; lastKnownFileType = file.xib; path = BadgeViewController.xib; sourceTree = "<group>"; };
		5604D898238DFFCB002B76A1 /* BadgeViewController.h */ = {isa = PBXFileReference; fileEncoding = 4; lastKnownFileType = sourcecode.c.h; path = BadgeViewController.h; sourceTree = "<group>"; };
		5604D899238DFFCB002B76A1 /* TestPushHiddenVC.h */ = {isa = PBXFileReference; fileEncoding = 4; lastKnownFileType = sourcecode.c.h; path = TestPushHiddenVC.h; sourceTree = "<group>"; };
		5604D89A238DFFCB002B76A1 /* TestHiddenVC.m */ = {isa = PBXFileReference; fileEncoding = 4; lastKnownFileType = sourcecode.c.objc; path = TestHiddenVC.m; sourceTree = "<group>"; };
		5604D89B238DFFCB002B76A1 /* TestPushHiddenVC.xib */ = {isa = PBXFileReference; fileEncoding = 4; lastKnownFileType = file.xib; path = TestPushHiddenVC.xib; sourceTree = "<group>"; };
		5604D89C238DFFCB002B76A1 /* TestGetTabBarItemVC.h */ = {isa = PBXFileReference; fileEncoding = 4; lastKnownFileType = sourcecode.c.h; path = TestGetTabBarItemVC.h; sourceTree = "<group>"; };
		5604D89D238DFFCB002B76A1 /* TestGetTabBarItemVC.xib */ = {isa = PBXFileReference; fileEncoding = 4; lastKnownFileType = file.xib; path = TestGetTabBarItemVC.xib; sourceTree = "<group>"; };
		5604D89E238DFFCB002B76A1 /* BadgeViewController.m */ = {isa = PBXFileReference; fileEncoding = 4; lastKnownFileType = sourcecode.c.objc; path = BadgeViewController.m; sourceTree = "<group>"; };
		5604D89F238DFFCB002B76A1 /* TestVC.m */ = {isa = PBXFileReference; fileEncoding = 4; lastKnownFileType = sourcecode.c.objc; path = TestVC.m; sourceTree = "<group>"; };
		5604D8A0238DFFCB002B76A1 /* TestHiddenVC.h */ = {isa = PBXFileReference; fileEncoding = 4; lastKnownFileType = sourcecode.c.h; path = TestHiddenVC.h; sourceTree = "<group>"; };
		5604D8A1238DFFCB002B76A1 /* TestPushHiddenVC.m */ = {isa = PBXFileReference; fileEncoding = 4; lastKnownFileType = sourcecode.c.objc; path = TestPushHiddenVC.m; sourceTree = "<group>"; };
		5604D8A2238DFFCB002B76A1 /* TestVC.xib */ = {isa = PBXFileReference; fileEncoding = 4; lastKnownFileType = file.xib; path = TestVC.xib; sourceTree = "<group>"; };
		5604D8A3238DFFCB002B76A1 /* TestGetTabBarItemVC.m */ = {isa = PBXFileReference; fileEncoding = 4; lastKnownFileType = sourcecode.c.objc; path = TestGetTabBarItemVC.m; sourceTree = "<group>"; };
		5604D8A4238DFFCB002B76A1 /* TestHiddenVC.xib */ = {isa = PBXFileReference; fileEncoding = 4; lastKnownFileType = file.xib; path = TestHiddenVC.xib; sourceTree = "<group>"; };
		5604D8B6238DFFCB002B76A1 /* HomeController.m */ = {isa = PBXFileReference; fileEncoding = 4; lastKnownFileType = sourcecode.c.objc; path = HomeController.m; sourceTree = "<group>"; };
		5604D8B7238DFFCB002B76A1 /* HomeController.h */ = {isa = PBXFileReference; fileEncoding = 4; lastKnownFileType = sourcecode.c.h; path = HomeController.h; sourceTree = "<group>"; };
		5604D8B9238DFFCB002B76A1 /* HomeTableViewCell.m */ = {isa = PBXFileReference; fileEncoding = 4; lastKnownFileType = sourcecode.c.objc; path = HomeTableViewCell.m; sourceTree = "<group>"; };
		5604D8BA238DFFCB002B76A1 /* HomeTableViewCell.h */ = {isa = PBXFileReference; fileEncoding = 4; lastKnownFileType = sourcecode.c.h; path = HomeTableViewCell.h; sourceTree = "<group>"; };
		5604D8BD238DFFCB002B76A1 /* WHGradientHelper.m */ = {isa = PBXFileReference; fileEncoding = 4; lastKnownFileType = sourcecode.c.objc; path = WHGradientHelper.m; sourceTree = "<group>"; };
		5604D8BE238DFFCB002B76A1 /* WHGradientHelper.h */ = {isa = PBXFileReference; fileEncoding = 4; lastKnownFileType = sourcecode.c.h; path = WHGradientHelper.h; sourceTree = "<group>"; };
		5604D8F5238E03FF002B76A1 /* UIKit.framework */ = {isa = PBXFileReference; lastKnownFileType = wrapper.framework; name = UIKit.framework; path = System/Library/Frameworks/UIKit.framework; sourceTree = SDKROOT; };
		5604D8F7238E0406002B76A1 /* Foundation.framework */ = {isa = PBXFileReference; lastKnownFileType = wrapper.framework; name = Foundation.framework; path = System/Library/Frameworks/Foundation.framework; sourceTree = SDKROOT; };
		56E2B57D247D0FAE0030DC25 /* BasicFunctionListVC.h */ = {isa = PBXFileReference; fileEncoding = 4; lastKnownFileType = sourcecode.c.h; path = BasicFunctionListVC.h; sourceTree = "<group>"; };
		56E2B57E247D0FAE0030DC25 /* BasicFunctionListVC.m */ = {isa = PBXFileReference; fileEncoding = 4; lastKnownFileType = sourcecode.c.objc; path = BasicFunctionListVC.m; sourceTree = "<group>"; };
		56E2B580247D10150030DC25 /* CommonTableViewController.h */ = {isa = PBXFileReference; fileEncoding = 4; lastKnownFileType = sourcecode.c.h; path = CommonTableViewController.h; sourceTree = "<group>"; };
		56E2B581247D10150030DC25 /* CommonTableViewController.m */ = {isa = PBXFileReference; fileEncoding = 4; lastKnownFileType = sourcecode.c.objc; path = CommonTableViewController.m; sourceTree = "<group>"; };
		56E2B582247D10150030DC25 /* CommonPageViewController.h */ = {isa = PBXFileReference; fileEncoding = 4; lastKnownFileType = sourcecode.c.h; path = CommonPageViewController.h; sourceTree = "<group>"; };
		56E2B583247D10150030DC25 /* CommonPageViewController.m */ = {isa = PBXFileReference; fileEncoding = 4; lastKnownFileType = sourcecode.c.objc; path = CommonPageViewController.m; sourceTree = "<group>"; };
		686627018EE5904B8558082F /* Pods_TFY_TabBarController.framework */ = {isa = PBXFileReference; explicitFileType = wrapper.framework; includeInIndex = 0; path = Pods_TFY_TabBarController.framework; sourceTree = BUILT_PRODUCTS_DIR; };
		9E8EDA42B0E335EA558BE298 /* Pods-TFY_TabBarController.debug.xcconfig */ = {isa = PBXFileReference; includeInIndex = 1; lastKnownFileType = text.xcconfig; name = "Pods-TFY_TabBarController.debug.xcconfig"; path = "Target Support Files/Pods-TFY_TabBarController/Pods-TFY_TabBarController.debug.xcconfig"; sourceTree = "<group>"; };
/* End PBXFileReference section */

/* Begin PBXFrameworksBuildPhase section */
		5604D7BF238DFDA3002B76A1 /* Frameworks */ = {
			isa = PBXFrameworksBuildPhase;
			buildActionMask = 2147483647;
			files = (
				C92074BF4CDD0A260EDA3AF7 /* Pods_TFY_TabBarController.framework in Frameworks */,
				5604D8F8238E0406002B76A1 /* Foundation.framework in Frameworks */,
				5604D8F6238E03FF002B76A1 /* UIKit.framework in Frameworks */,
			);
			runOnlyForDeploymentPostprocessing = 0;
		};
		5604D7DA238DFDA4002B76A1 /* Frameworks */ = {
			isa = PBXFrameworksBuildPhase;
			buildActionMask = 2147483647;
			files = (
			);
			runOnlyForDeploymentPostprocessing = 0;
		};
		5604D7E5238DFDA4002B76A1 /* Frameworks */ = {
			isa = PBXFrameworksBuildPhase;
			buildActionMask = 2147483647;
			files = (
			);
			runOnlyForDeploymentPostprocessing = 0;
		};
/* End PBXFrameworksBuildPhase section */

/* Begin PBXGroup section */
		160E216EC8DDA9A4F5D9B0E4 /* Frameworks */ = {
			isa = PBXGroup;
			children = (
				5604D8F7238E0406002B76A1 /* Foundation.framework */,
				5604D8F5238E03FF002B76A1 /* UIKit.framework */,
				686627018EE5904B8558082F /* Pods_TFY_TabBarController.framework */,
			);
			name = Frameworks;
			sourceTree = "<group>";
		};
		486DEFFC0C5E8C8FC06C1F1A /* Pods */ = {
			isa = PBXGroup;
			children = (
				9E8EDA42B0E335EA558BE298 /* Pods-TFY_TabBarController.debug.xcconfig */,
				11F7105447BA34DF9F2C68BF /* Pods-TFY_TabBarController.release.xcconfig */,
			);
			path = Pods;
			sourceTree = "<group>";
		};
		5604D7B9238DFDA3002B76A1 = {
			isa = PBXGroup;
			children = (
				5604D7C4238DFDA3002B76A1 /* TFY_TabBarController */,
				5604D7E0238DFDA4002B76A1 /* TFY_TabBarControllerTests */,
				5604D7EB238DFDA4002B76A1 /* TFY_TabBarControllerUITests */,
				5604D7C3238DFDA3002B76A1 /* Products */,
				486DEFFC0C5E8C8FC06C1F1A /* Pods */,
				160E216EC8DDA9A4F5D9B0E4 /* Frameworks */,
			);
			sourceTree = "<group>";
		};
		5604D7C3238DFDA3002B76A1 /* Products */ = {
			isa = PBXGroup;
			children = (
				5604D7C2238DFDA3002B76A1 /* TFY_TabBarController.app */,
				5604D7DD238DFDA4002B76A1 /* TFY_TabBarControllerTests.xctest */,
				5604D7E8238DFDA4002B76A1 /* TFY_TabBarControllerUITests.xctest */,
			);
			name = Products;
			sourceTree = "<group>";
		};
		5604D7C4238DFDA3002B76A1 /* TFY_TabBarController */ = {
			isa = PBXGroup;
			children = (
				5604D7FA238DFEA1002B76A1 /* TFY_AppDelegate */,
				5604D81A238DFEA1002B76A1 /* TFY_Class */,
				5604D7FF238DFEA1002B76A1 /* TFY_PCH */,
				5604D800238DFEA1002B76A1 /* TFY_TabBarKit */,
				5604D7CE238DFDA3002B76A1 /* Main.storyboard */,
				5604D7D1238DFDA4002B76A1 /* Assets.xcassets */,
				5604D7D3238DFDA4002B76A1 /* LaunchScreen.storyboard */,
				5604D7D6238DFDA4002B76A1 /* Info.plist */,
				5604D7D7238DFDA4002B76A1 /* main.m */,
			);
			path = TFY_TabBarController;
			sourceTree = "<group>";
		};
		5604D7E0238DFDA4002B76A1 /* TFY_TabBarControllerTests */ = {
			isa = PBXGroup;
			children = (
				5604D7E1238DFDA4002B76A1 /* TFY_TabBarControllerTests.m */,
				5604D7E3238DFDA4002B76A1 /* Info.plist */,
			);
			path = TFY_TabBarControllerTests;
			sourceTree = "<group>";
		};
		5604D7EB238DFDA4002B76A1 /* TFY_TabBarControllerUITests */ = {
			isa = PBXGroup;
			children = (
				5604D7EC238DFDA4002B76A1 /* TFY_TabBarControllerUITests.m */,
				5604D7EE238DFDA4002B76A1 /* Info.plist */,
			);
			path = TFY_TabBarControllerUITests;
			sourceTree = "<group>";
		};
		5604D7FA238DFEA1002B76A1 /* TFY_AppDelegate */ = {
			isa = PBXGroup;
			children = (
				5604D828238DFF3D002B76A1 /* ViewController.h */,
				5604D829238DFF3D002B76A1 /* ViewController.m */,
				5604D7FB238DFEA1002B76A1 /* AppDelegate.h */,
				5604D7FD238DFEA1002B76A1 /* AppDelegate.m */,
				5604D7FE238DFEA1002B76A1 /* SceneDelegate.h */,
				5604D7FC238DFEA1002B76A1 /* SceneDelegate.m */,
			);
			path = TFY_AppDelegate;
			sourceTree = "<group>";
		};
		5604D7FF238DFEA1002B76A1 /* TFY_PCH */ = {
			isa = PBXGroup;
			children = (
				5604D827238DFEBA002B76A1 /* TFY_PrefixHeader.pch */,
			);
			path = TFY_PCH;
			sourceTree = "<group>";
		};
		5604D800238DFEA1002B76A1 /* TFY_TabBarKit */ = {
			isa = PBXGroup;
			children = (
				5604D801238DFEA1002B76A1 /* TFY_TabBarHeader.h */,
				5604D80E238DFEA1002B76A1 /* TFY_SystemTabBar */,
			);
			path = TFY_TabBarKit;
			sourceTree = "<group>";
		};
		5604D80E238DFEA1002B76A1 /* TFY_SystemTabBar */ = {
			isa = PBXGroup;
			children = (
				5604D812238DFEA1002B76A1 /* TfySY_TabBarController.h */,
				5604D817238DFEA1002B76A1 /* TfySY_TabBarController.m */,
				5604D811238DFEA1002B76A1 /* TfySY_TabBarDefine.h */,
				5604D80F238DFEA1002B76A1 /* TfySY_TabBar.h */,
				5604D816238DFEA1002B76A1 /* TfySY_TabBar.m */,
				5604D819238DFEA1002B76A1 /* TfySY_TabBarItem.h */,
				5604D813238DFEA1002B76A1 /* TfySY_TabBarItem.m */,
				5604D815238DFEA1002B76A1 /* TfySY_TestTabBar.h */,
				5604D810238DFEA1002B76A1 /* TfySY_TestTabBar.m */,
				5604D818238DFEA1002B76A1 /* TfySY_TabBarBadge.h */,
				5604D814238DFEA1002B76A1 /* TfySY_TabBarBadge.m */,
			);
			path = TFY_SystemTabBar;
			sourceTree = "<group>";
		};
		5604D81A238DFEA1002B76A1 /* TFY_Class */ = {
			isa = PBXGroup;
			children = (
				56E2B57C247D0FAE0030DC25 /* BasicFunctionExample */,
				5604D82E238DFFCA002B76A1 /* 实战示例 */,
				5604D82B238DFFCA002B76A1 /* 适配示例 */,
				5604D8B4238DFFCB002B76A1 /* Home */,
				5604D8BB238DFFCB002B76A1 /* OtherLib */,
				5604D838238DFFCA002B76A1 /* SubTabBarVC */,
				5604D895238DFFCB002B76A1 /* TestVC */,
			);
			path = TFY_Class;
			sourceTree = "<group>";
		};
		5604D82B238DFFCA002B76A1 /* 适配示例 */ = {
			isa = PBXGroup;
			children = (
				5604D82C238DFFCA002B76A1 /* PushHiddenTabBarVC.h */,
				5604D82D238DFFCA002B76A1 /* PushHiddenTabBarVC.m */,
			);
			path = "适配示例";
			sourceTree = "<group>";
		};
		5604D82E238DFFCA002B76A1 /* 实战示例 */ = {
			isa = PBXGroup;
			children = (
				5604D82F238DFFCA002B76A1 /* 微博TabBar选项卡 */,
				5604D832238DFFCA002B76A1 /* 简书TabBar选项卡 */,
				5604D835238DFFCA002B76A1 /* 咸鱼TabBar选项卡 */,
			);
			path = "实战示例";
			sourceTree = "<group>";
		};
		5604D82F238DFFCA002B76A1 /* 微博TabBar选项卡 */ = {
			isa = PBXGroup;
			children = (
				5604D830238DFFCA002B76A1 /* WeiBoTabBarVC.h */,
				5604D831238DFFCA002B76A1 /* WeiBoTabBarVC.m */,
			);
			path = "微博TabBar选项卡";
			sourceTree = "<group>";
		};
		5604D832238DFFCA002B76A1 /* 简书TabBar选项卡 */ = {
			isa = PBXGroup;
			children = (
				5604D833238DFFCA002B76A1 /* JianShuTabBarVC.h */,
				5604D834238DFFCA002B76A1 /* JianShuTabBarVC.m */,
			);
			path = "简书TabBar选项卡";
			sourceTree = "<group>";
		};
		5604D835238DFFCA002B76A1 /* 咸鱼TabBar选项卡 */ = {
			isa = PBXGroup;
			children = (
				5604D837238DFFCA002B76A1 /* SaltedFishTabBarVC.h */,
				5604D836238DFFCA002B76A1 /* SaltedFishTabBarVC.m */,
			);
			path = "咸鱼TabBar选项卡";
			sourceTree = "<group>";
		};
		5604D838238DFFCA002B76A1 /* SubTabBarVC */ = {
			isa = PBXGroup;
			children = (
				5604D839238DFFCA002B76A1 /* 自定义TabBar背景图+选中颜色 */,
				5604D83C238DFFCA002B76A1 /* 自定义TabBar背景图片 */,
				5604D83F238DFFCA002B76A1 /* 自定义tabbar和分段选择器混合示例 */,
				5604D859238DFFCB002B76A1 /* 按钮自定义布局模式 */,
				5604D85C238DFFCB002B76A1 /* WHGradientHelper渐变色2 */,
				5604D85F238DFFCB002B76A1 /* WHGradientHelper渐变色 */,
				5604D862238DFFCB002B76A1 /* WHGradientHelper渐变色4 */,
				5604D865238DFFCB002B76A1 /* WHGradientHelper渐变色3 */,
				5604D868238DFFCB002B76A1 /* 按钮自定义渲染图片 */,
				5604D86B238DFFCB002B76A1 /* 自定义TabBar背景图+模糊毛玻璃 */,
				5604D86E238DFFCB002B76A1 /* 按钮自定义徽标 */,
				5604D871238DFFCB002B76A1 /* TabBar多重圆形凸出 */,
				5604D874238DFFCB002B76A1 /* WHGradientHelper按钮渐变色 */,
				5604D877238DFFCB002B76A1 /* TabBar中间圆形凸出 */,
				5604D87A238DFFCB002B76A1 /* 按钮自定义对齐模式 */,
				5604D87D238DFFCB002B76A1 /* 按钮自定义交互效果 */,
				5604D880238DFFCB002B76A1 /* 按钮自定义背景图 */,
				5604D883238DFFCB002B76A1 /* TabBar多重混合凸出 */,
				5604D886238DFFCB002B76A1 /* TabBar矩形图片凸出 */,
				5604D889238DFFCB002B76A1 /* 按钮自定义大小 */,
				5604D88C238DFFCB002B76A1 /* 基础使用 */,
				5604D88F238DFFCB002B76A1 /* 按钮自定义背景颜色 */,
				5604D892238DFFCB002B76A1 /* 与WHGradientHelper混合使用 */,
			);
			path = SubTabBarVC;
			sourceTree = "<group>";
		};
		5604D839238DFFCA002B76A1 /* 自定义TabBar背景图+选中颜色 */ = {
			isa = PBXGroup;
			children = (
				5604D83B238DFFCA002B76A1 /* CustomImageSelColorTabBarVC.h */,
				5604D83A238DFFCA002B76A1 /* CustomImageSelColorTabBarVC.m */,
			);
			path = "自定义TabBar背景图+选中颜色";
			sourceTree = "<group>";
		};
		5604D83C238DFFCA002B76A1 /* 自定义TabBar背景图片 */ = {
			isa = PBXGroup;
			children = (
				5604D83E238DFFCA002B76A1 /* CustomImageTabBarVC.h */,
				5604D83D238DFFCA002B76A1 /* CustomImageTabBarVC.m */,
			);
			path = "自定义TabBar背景图片";
			sourceTree = "<group>";
		};
		5604D83F238DFFCA002B76A1 /* 自定义tabbar和分段选择器混合示例 */ = {
			isa = PBXGroup;
			children = (
				5604D840238DFFCA002B76A1 /* 不可滚动，指示器宽度适配title */,
				5604D843238DFFCA002B76A1 /* 基础样式 + 多层嵌套 */,
				5604D846238DFFCA002B76A1 /* 可滚动，tabItem宽度适配标题，指示器宽度固定 */,
				5604D849238DFFCA002B76A1 /* 可伸缩的HeaderView */,
				5604D850238DFFCA002B76A1 /* 可滚动，tabItem固定宽度，指示器宽度适配title */,
				5604D853238DFFCB002B76A1 /* 仿系统segment */,
				5604D856238DFFCB002B76A1 /* 指示器样式自定义 */,
			);
			path = "自定义tabbar和分段选择器混合示例";
			sourceTree = "<group>";
		};
		5604D840238DFFCA002B76A1 /* 不可滚动，指示器宽度适配title */ = {
			isa = PBXGroup;
			children = (
				5604D841238DFFCA002B76A1 /* IndicatorFollowTitleTabController.h */,
				5604D842238DFFCA002B76A1 /* IndicatorFollowTitleTabController.m */,
			);
			path = "不可滚动，指示器宽度适配title";
			sourceTree = "<group>";
		};
		5604D843238DFFCA002B76A1 /* 基础样式 + 多层嵌套 */ = {
			isa = PBXGroup;
			children = (
				5604D844238DFFCA002B76A1 /* MultilTabController.h */,
				5604D845238DFFCA002B76A1 /* MultilTabController.m */,
			);
			path = "基础样式 + 多层嵌套";
			sourceTree = "<group>";
		};
		5604D846238DFFCA002B76A1 /* 可滚动，tabItem宽度适配标题，指示器宽度固定 */ = {
			isa = PBXGroup;
			children = (
				5604D847238DFFCA002B76A1 /* DynamicItemWidthTabController.h */,
				5604D848238DFFCA002B76A1 /* DynamicItemWidthTabController.m */,
			);
			path = "可滚动，tabItem宽度适配标题，指示器宽度固定";
			sourceTree = "<group>";
		};
		5604D849238DFFCA002B76A1 /* 可伸缩的HeaderView */ = {
			isa = PBXGroup;
			children = (
				5604D84A238DFFCA002B76A1 /* HeaderViewTabController.m */,
				5604D84B238DFFCA002B76A1 /* TableViewController.h */,
				5604D84C238DFFCA002B76A1 /* WebViewController.m */,
				5604D84D238DFFCA002B76A1 /* HeaderViewTabController.h */,
				5604D84E238DFFCA002B76A1 /* TableViewController.m */,
				5604D84F238DFFCA002B76A1 /* WebViewController.h */,
			);
			path = "可伸缩的HeaderView";
			sourceTree = "<group>";
		};
		5604D850238DFFCA002B76A1 /* 可滚动，tabItem固定宽度，指示器宽度适配title */ = {
			isa = PBXGroup;
			children = (
				5604D851238DFFCA002B76A1 /* FixedItemWidthTabController.m */,
				5604D852238DFFCB002B76A1 /* FixedItemWidthTabController.h */,
			);
			path = "可滚动，tabItem固定宽度，指示器宽度适配title";
			sourceTree = "<group>";
		};
		5604D853238DFFCB002B76A1 /* 仿系统segment */ = {
			isa = PBXGroup;
			children = (
				5604D854238DFFCB002B76A1 /* SegmentTabController.h */,
				5604D855238DFFCB002B76A1 /* SegmentTabController.m */,
			);
			path = "仿系统segment";
			sourceTree = "<group>";
		};
		5604D856238DFFCB002B76A1 /* 指示器样式自定义 */ = {
			isa = PBXGroup;
			children = (
				5604D857238DFFCB002B76A1 /* CustomIndicatorTabController.h */,
				5604D858238DFFCB002B76A1 /* CustomIndicatorTabController.m */,
			);
			path = "指示器样式自定义";
			sourceTree = "<group>";
		};
		5604D859238DFFCB002B76A1 /* 按钮自定义布局模式 */ = {
			isa = PBXGroup;
			children = (
				5604D85A238DFFCB002B76A1 /* ItemSizeLayoutTabBarVC.h */,
				5604D85B238DFFCB002B76A1 /* ItemSizeLayoutTabBarVC.m */,
			);
			path = "按钮自定义布局模式";
			sourceTree = "<group>";
		};
		5604D85C238DFFCB002B76A1 /* WHGradientHelper渐变色2 */ = {
			isa = PBXGroup;
			children = (
				5604D85E238DFFCB002B76A1 /* WHGradientHelperGradientTabBarVC2.h */,
				5604D85D238DFFCB002B76A1 /* WHGradientHelperGradientTabBarVC2.m */,
			);
			path = "WHGradientHelper渐变色2";
			sourceTree = "<group>";
		};
		5604D85F238DFFCB002B76A1 /* WHGradientHelper渐变色 */ = {
			isa = PBXGroup;
			children = (
				5604D861238DFFCB002B76A1 /* WHGradientHelperGradientTabBarVC.h */,
				5604D860238DFFCB002B76A1 /* WHGradientHelperGradientTabBarVC.m */,
			);
			path = "WHGradientHelper渐变色";
			sourceTree = "<group>";
		};
		5604D862238DFFCB002B76A1 /* WHGradientHelper渐变色4 */ = {
			isa = PBXGroup;
			children = (
				5604D863238DFFCB002B76A1 /* WHGradientHelperGradientTabBarVC4.h */,
				5604D864238DFFCB002B76A1 /* WHGradientHelperGradientTabBarVC4.m */,
			);
			path = "WHGradientHelper渐变色4";
			sourceTree = "<group>";
		};
		5604D865238DFFCB002B76A1 /* WHGradientHelper渐变色3 */ = {
			isa = PBXGroup;
			children = (
				5604D866238DFFCB002B76A1 /* WHGradientHelperGradientTabBarVC3.h */,
				5604D867238DFFCB002B76A1 /* WHGradientHelperGradientTabBarVC3.m */,
			);
			path = "WHGradientHelper渐变色3";
			sourceTree = "<group>";
		};
		5604D868238DFFCB002B76A1 /* 按钮自定义渲染图片 */ = {
			isa = PBXGroup;
			children = (
				5604D86A238DFFCB002B76A1 /* ItemTingColorTabBarVC.h */,
				5604D869238DFFCB002B76A1 /* ItemTingColorTabBarVC.m */,
			);
			path = "按钮自定义渲染图片";
			sourceTree = "<group>";
		};
		5604D86B238DFFCB002B76A1 /* 自定义TabBar背景图+模糊毛玻璃 */ = {
			isa = PBXGroup;
			children = (
				5604D86C238DFFCB002B76A1 /* ImageTranslucentTabBarVC.h */,
				5604D86D238DFFCB002B76A1 /* ImageTranslucentTabBarVC.m */,
			);
			path = "自定义TabBar背景图+模糊毛玻璃";
			sourceTree = "<group>";
		};
		5604D86E238DFFCB002B76A1 /* 按钮自定义徽标 */ = {
			isa = PBXGroup;
			children = (
				5604D86F238DFFCB002B76A1 /* ItemCustomBadgeTabBarVC.h */,
				5604D870238DFFCB002B76A1 /* ItemCustomBadgeTabBarVC.m */,
			);
			path = "按钮自定义徽标";
			sourceTree = "<group>";
		};
		5604D871238DFFCB002B76A1 /* TabBar多重圆形凸出 */ = {
			isa = PBXGroup;
			children = (
				5604D873238DFFCB002B76A1 /* MultipleBulgeCircularTabBarVC.h */,
				5604D872238DFFCB002B76A1 /* MultipleBulgeCircularTabBarVC.m */,
			);
			path = "TabBar多重圆形凸出";
			sourceTree = "<group>";
		};
		5604D874238DFFCB002B76A1 /* WHGradientHelper按钮渐变色 */ = {
			isa = PBXGroup;
			children = (
				5604D875238DFFCB002B76A1 /* WHGradientHelperGradientItemTabBarVC.h */,
				5604D876238DFFCB002B76A1 /* WHGradientHelperGradientItemTabBarVC.m */,
			);
			path = "WHGradientHelper按钮渐变色";
			sourceTree = "<group>";
		};
		5604D877238DFFCB002B76A1 /* TabBar中间圆形凸出 */ = {
			isa = PBXGroup;
			children = (
				5604D879238DFFCB002B76A1 /* BulgeCircularTabBarVC.h */,
				5604D878238DFFCB002B76A1 /* BulgeCircularTabBarVC.m */,
			);
			path = "TabBar中间圆形凸出";
			sourceTree = "<group>";
		};
		5604D87A238DFFCB002B76A1 /* 按钮自定义对齐模式 */ = {
			isa = PBXGroup;
			children = (
				5604D87B238DFFCB002B76A1 /* ItemSizeAlignmentTabBarVC.h */,
				5604D87C238DFFCB002B76A1 /* ItemSizeAlignmentTabBarVC.m */,
			);
			path = "按钮自定义对齐模式";
			sourceTree = "<group>";
		};
		5604D87D238DFFCB002B76A1 /* 按钮自定义交互效果 */ = {
			isa = PBXGroup;
			children = (
				5604D87E238DFFCB002B76A1 /* ItemCustomAnimationTabBarVC.h */,
				5604D87F238DFFCB002B76A1 /* ItemCustomAnimationTabBarVC.m */,
			);
			path = "按钮自定义交互效果";
			sourceTree = "<group>";
		};
		5604D880238DFFCB002B76A1 /* 按钮自定义背景图 */ = {
			isa = PBXGroup;
			children = (
				5604D881238DFFCB002B76A1 /* ItemBackgroundImageTabBarVC.h */,
				5604D882238DFFCB002B76A1 /* ItemBackgroundImageTabBarVC.m */,
			);
			path = "按钮自定义背景图";
			sourceTree = "<group>";
		};
		5604D883238DFFCB002B76A1 /* TabBar多重混合凸出 */ = {
			isa = PBXGroup;
			children = (
				5604D885238DFFCB002B76A1 /* MultipleBulgeHybridTabBarVC.h */,
				5604D884238DFFCB002B76A1 /* MultipleBulgeHybridTabBarVC.m */,
			);
			path = "TabBar多重混合凸出";
			sourceTree = "<group>";
		};
		5604D886238DFFCB002B76A1 /* TabBar矩形图片凸出 */ = {
			isa = PBXGroup;
			children = (
				5604D888238DFFCB002B76A1 /* BulgeSquareTabBarVC.h */,
				5604D887238DFFCB002B76A1 /* BulgeSquareTabBarVC.m */,
			);
			path = "TabBar矩形图片凸出";
			sourceTree = "<group>";
		};
		5604D889238DFFCB002B76A1 /* 按钮自定义大小 */ = {
			isa = PBXGroup;
			children = (
				5604D88B238DFFCB002B76A1 /* ItemSizeTabBarVC.h */,
				5604D88A238DFFCB002B76A1 /* ItemSizeTabBarVC.m */,
			);
			path = "按钮自定义大小";
			sourceTree = "<group>";
		};
		5604D88C238DFFCB002B76A1 /* 基础使用 */ = {
			isa = PBXGroup;
			children = (
				5604D88D238DFFCB002B76A1 /* BasedUsingTabBarVC.h */,
				5604D88E238DFFCB002B76A1 /* BasedUsingTabBarVC.m */,
			);
			path = "基础使用";
			sourceTree = "<group>";
		};
		5604D88F238DFFCB002B76A1 /* 按钮自定义背景颜色 */ = {
			isa = PBXGroup;
			children = (
				5604D891238DFFCB002B76A1 /* ItemBackgroundColorTabBarVC.h */,
				5604D890238DFFCB002B76A1 /* ItemBackgroundColorTabBarVC.m */,
			);
			path = "按钮自定义背景颜色";
			sourceTree = "<group>";
		};
		5604D892238DFFCB002B76A1 /* 与WHGradientHelper混合使用 */ = {
			isa = PBXGroup;
			children = (
				5604D894238DFFCB002B76A1 /* HybridGradientHelperTabBarVC.h */,
				5604D893238DFFCB002B76A1 /* HybridGradientHelperTabBarVC.m */,
			);
			path = "与WHGradientHelper混合使用";
			sourceTree = "<group>";
		};
		5604D895238DFFCB002B76A1 /* TestVC */ = {
			isa = PBXGroup;
			children = (
				5604D896238DFFCB002B76A1 /* TestVC.h */,
				5604D897238DFFCB002B76A1 /* BadgeViewController.xib */,
				5604D898238DFFCB002B76A1 /* BadgeViewController.h */,
				5604D899238DFFCB002B76A1 /* TestPushHiddenVC.h */,
				5604D89A238DFFCB002B76A1 /* TestHiddenVC.m */,
				5604D89B238DFFCB002B76A1 /* TestPushHiddenVC.xib */,
				5604D89C238DFFCB002B76A1 /* TestGetTabBarItemVC.h */,
				5604D89D238DFFCB002B76A1 /* TestGetTabBarItemVC.xib */,
				5604D89E238DFFCB002B76A1 /* BadgeViewController.m */,
				5604D89F238DFFCB002B76A1 /* TestVC.m */,
				5604D8A0238DFFCB002B76A1 /* TestHiddenVC.h */,
				5604D8A1238DFFCB002B76A1 /* TestPushHiddenVC.m */,
				5604D8A2238DFFCB002B76A1 /* TestVC.xib */,
				5604D8A3238DFFCB002B76A1 /* TestGetTabBarItemVC.m */,
				5604D8A4238DFFCB002B76A1 /* TestHiddenVC.xib */,
			);
			path = TestVC;
			sourceTree = "<group>";
		};
		5604D8B4238DFFCB002B76A1 /* Home */ = {
			isa = PBXGroup;
			children = (
				5604D8B5238DFFCB002B76A1 /* Controller */,
				5604D8B8238DFFCB002B76A1 /* Cell */,
			);
			path = Home;
			sourceTree = "<group>";
		};
		5604D8B5238DFFCB002B76A1 /* Controller */ = {
			isa = PBXGroup;
			children = (
				5604D8B6238DFFCB002B76A1 /* HomeController.m */,
				5604D8B7238DFFCB002B76A1 /* HomeController.h */,
			);
			path = Controller;
			sourceTree = "<group>";
		};
		5604D8B8238DFFCB002B76A1 /* Cell */ = {
			isa = PBXGroup;
			children = (
				5604D8B9238DFFCB002B76A1 /* HomeTableViewCell.m */,
				5604D8BA238DFFCB002B76A1 /* HomeTableViewCell.h */,
			);
			path = Cell;
			sourceTree = "<group>";
		};
		5604D8BB238DFFCB002B76A1 /* OtherLib */ = {
			isa = PBXGroup;
			children = (
				5604D8BC238DFFCB002B76A1 /* WHGradientHelper */,
			);
			path = OtherLib;
			sourceTree = "<group>";
		};
		5604D8BC238DFFCB002B76A1 /* WHGradientHelper */ = {
			isa = PBXGroup;
			children = (
				5604D8BD238DFFCB002B76A1 /* WHGradientHelper.m */,
				5604D8BE238DFFCB002B76A1 /* WHGradientHelper.h */,
			);
			path = WHGradientHelper;
			sourceTree = "<group>";
		};
		56E2B57C247D0FAE0030DC25 /* BasicFunctionExample */ = {
			isa = PBXGroup;
			children = (
				56E2B582247D10150030DC25 /* CommonPageViewController.h */,
				56E2B583247D10150030DC25 /* CommonPageViewController.m */,
				56E2B580247D10150030DC25 /* CommonTableViewController.h */,
				56E2B581247D10150030DC25 /* CommonTableViewController.m */,
				56E2B57D247D0FAE0030DC25 /* BasicFunctionListVC.h */,
				56E2B57E247D0FAE0030DC25 /* BasicFunctionListVC.m */,
			);
			path = BasicFunctionExample;
			sourceTree = "<group>";
		};
/* End PBXGroup section */

/* Begin PBXNativeTarget section */
		5604D7C1238DFDA3002B76A1 /* TFY_TabBarController */ = {
			isa = PBXNativeTarget;
			buildConfigurationList = 5604D7F1238DFDA4002B76A1 /* Build configuration list for PBXNativeTarget "TFY_TabBarController" */;
			buildPhases = (
				6675C384F03B166170FE1950 /* [CP] Check Pods Manifest.lock */,
				5604D7BE238DFDA3002B76A1 /* Sources */,
				5604D7BF238DFDA3002B76A1 /* Frameworks */,
				5604D7C0238DFDA3002B76A1 /* Resources */,
				4A2A1ECBBAA2EB482B438FD4 /* [CP] Embed Pods Frameworks */,
			);
			buildRules = (
			);
			dependencies = (
			);
			name = TFY_TabBarController;
			productName = TFY_TabBarController;
			productReference = 5604D7C2238DFDA3002B76A1 /* TFY_TabBarController.app */;
			productType = "com.apple.product-type.application";
		};
		5604D7DC238DFDA4002B76A1 /* TFY_TabBarControllerTests */ = {
			isa = PBXNativeTarget;
			buildConfigurationList = 5604D7F4238DFDA4002B76A1 /* Build configuration list for PBXNativeTarget "TFY_TabBarControllerTests" */;
			buildPhases = (
				5604D7D9238DFDA4002B76A1 /* Sources */,
				5604D7DA238DFDA4002B76A1 /* Frameworks */,
				5604D7DB238DFDA4002B76A1 /* Resources */,
			);
			buildRules = (
			);
			dependencies = (
				5604D7DF238DFDA4002B76A1 /* PBXTargetDependency */,
			);
			name = TFY_TabBarControllerTests;
			productName = TFY_TabBarControllerTests;
			productReference = 5604D7DD238DFDA4002B76A1 /* TFY_TabBarControllerTests.xctest */;
			productType = "com.apple.product-type.bundle.unit-test";
		};
		5604D7E7238DFDA4002B76A1 /* TFY_TabBarControllerUITests */ = {
			isa = PBXNativeTarget;
			buildConfigurationList = 5604D7F7238DFDA4002B76A1 /* Build configuration list for PBXNativeTarget "TFY_TabBarControllerUITests" */;
			buildPhases = (
				5604D7E4238DFDA4002B76A1 /* Sources */,
				5604D7E5238DFDA4002B76A1 /* Frameworks */,
				5604D7E6238DFDA4002B76A1 /* Resources */,
			);
			buildRules = (
			);
			dependencies = (
				5604D7EA238DFDA4002B76A1 /* PBXTargetDependency */,
			);
			name = TFY_TabBarControllerUITests;
			productName = TFY_TabBarControllerUITests;
			productReference = 5604D7E8238DFDA4002B76A1 /* TFY_TabBarControllerUITests.xctest */;
			productType = "com.apple.product-type.bundle.ui-testing";
		};
/* End PBXNativeTarget section */

/* Begin PBXProject section */
		5604D7BA238DFDA3002B76A1 /* Project object */ = {
			isa = PBXProject;
			attributes = {
				LastUpgradeCheck = 1130;
				ORGANIZATIONNAME = "田风有";
				TargetAttributes = {
					5604D7C1238DFDA3002B76A1 = {
						CreatedOnToolsVersion = 11.3;
					};
					5604D7DC238DFDA4002B76A1 = {
						CreatedOnToolsVersion = 11.3;
						TestTargetID = 5604D7C1238DFDA3002B76A1;
					};
					5604D7E7238DFDA4002B76A1 = {
						CreatedOnToolsVersion = 11.3;
						TestTargetID = 5604D7C1238DFDA3002B76A1;
					};
				};
			};
			buildConfigurationList = 5604D7BD238DFDA3002B76A1 /* Build configuration list for PBXProject "TFY_TabBarController" */;
			compatibilityVersion = "Xcode 9.3";
			developmentRegion = en;
			hasScannedForEncodings = 0;
			knownRegions = (
				en,
				Base,
			);
			mainGroup = 5604D7B9238DFDA3002B76A1;
			productRefGroup = 5604D7C3238DFDA3002B76A1 /* Products */;
			projectDirPath = "";
			projectRoot = "";
			targets = (
				5604D7C1238DFDA3002B76A1 /* TFY_TabBarController */,
				5604D7DC238DFDA4002B76A1 /* TFY_TabBarControllerTests */,
				5604D7E7238DFDA4002B76A1 /* TFY_TabBarControllerUITests */,
			);
		};
/* End PBXProject section */

/* Begin PBXResourcesBuildPhase section */
		5604D7C0238DFDA3002B76A1 /* Resources */ = {
			isa = PBXResourcesBuildPhase;
			buildActionMask = 2147483647;
			files = (
				5604D8E5238DFFCB002B76A1 /* TestGetTabBarItemVC.xib in Resources */,
				5604D7D5238DFDA4002B76A1 /* LaunchScreen.storyboard in Resources */,
				5604D7D2238DFDA4002B76A1 /* Assets.xcassets in Resources */,
				5604D8E9238DFFCB002B76A1 /* TestVC.xib in Resources */,
				5604D8E2238DFFCB002B76A1 /* BadgeViewController.xib in Resources */,
				5604D8E4238DFFCB002B76A1 /* TestPushHiddenVC.xib in Resources */,
				5604D8EB238DFFCB002B76A1 /* TestHiddenVC.xib in Resources */,
				5604D7D0238DFDA3002B76A1 /* Main.storyboard in Resources */,
			);
			runOnlyForDeploymentPostprocessing = 0;
		};
		5604D7DB238DFDA4002B76A1 /* Resources */ = {
			isa = PBXResourcesBuildPhase;
			buildActionMask = 2147483647;
			files = (
			);
			runOnlyForDeploymentPostprocessing = 0;
		};
		5604D7E6238DFDA4002B76A1 /* Resources */ = {
			isa = PBXResourcesBuildPhase;
			buildActionMask = 2147483647;
			files = (
			);
			runOnlyForDeploymentPostprocessing = 0;
		};
/* End PBXResourcesBuildPhase section */

/* Begin PBXShellScriptBuildPhase section */
		4A2A1ECBBAA2EB482B438FD4 /* [CP] Embed Pods Frameworks */ = {
			isa = PBXShellScriptBuildPhase;
			buildActionMask = 2147483647;
			files = (
			);
			inputFileListPaths = (
				"${PODS_ROOT}/Target Support Files/Pods-TFY_TabBarController/Pods-TFY_TabBarController-frameworks-${CONFIGURATION}-input-files.xcfilelist",
			);
			name = "[CP] Embed Pods Frameworks";
			outputFileListPaths = (
				"${PODS_ROOT}/Target Support Files/Pods-TFY_TabBarController/Pods-TFY_TabBarController-frameworks-${CONFIGURATION}-output-files.xcfilelist",
			);
			runOnlyForDeploymentPostprocessing = 0;
			shellPath = /bin/sh;
			shellScript = "\"${PODS_ROOT}/Target Support Files/Pods-TFY_TabBarController/Pods-TFY_TabBarController-frameworks.sh\"\n";
			showEnvVarsInLog = 0;
		};
		6675C384F03B166170FE1950 /* [CP] Check Pods Manifest.lock */ = {
			isa = PBXShellScriptBuildPhase;
			buildActionMask = 2147483647;
			files = (
			);
			inputFileListPaths = (
			);
			inputPaths = (
				"${PODS_PODFILE_DIR_PATH}/Podfile.lock",
				"${PODS_ROOT}/Manifest.lock",
			);
			name = "[CP] Check Pods Manifest.lock";
			outputFileListPaths = (
			);
			outputPaths = (
				"$(DERIVED_FILE_DIR)/Pods-TFY_TabBarController-checkManifestLockResult.txt",
			);
			runOnlyForDeploymentPostprocessing = 0;
			shellPath = /bin/sh;
			shellScript = "diff \"${PODS_PODFILE_DIR_PATH}/Podfile.lock\" \"${PODS_ROOT}/Manifest.lock\" > /dev/null\nif [ $? != 0 ] ; then\n    # print error to STDERR\n    echo \"error: The sandbox is not in sync with the Podfile.lock. Run 'pod install' or update your CocoaPods installation.\" >&2\n    exit 1\nfi\n# This output is used by Xcode 'outputs' to avoid re-running this script phase.\necho \"SUCCESS\" > \"${SCRIPT_OUTPUT_FILE_0}\"\n";
			showEnvVarsInLog = 0;
		};
/* End PBXShellScriptBuildPhase section */

/* Begin PBXSourcesBuildPhase section */
		5604D7BE238DFDA3002B76A1 /* Sources */ = {
			isa = PBXSourcesBuildPhase;
			buildActionMask = 2147483647;
			files = (
				5604D82A238DFF3D002B76A1 /* ViewController.m in Sources */,
				5604D8DB238DFFCB002B76A1 /* ItemBackgroundImageTabBarVC.m in Sources */,
				5604D7D8238DFDA4002B76A1 /* main.m in Sources */,
				5604D8DE238DFFCB002B76A1 /* ItemSizeTabBarVC.m in Sources */,
				5604D8C2238DFFCB002B76A1 /* SaltedFishTabBarVC.m in Sources */,
				5604D8C1238DFFCB002B76A1 /* JianShuTabBarVC.m in Sources */,
				5604D823238DFEA1002B76A1 /* TfySY_TabBarItem.m in Sources */,
				5604D8F2238DFFCB002B76A1 /* HomeController.m in Sources */,
				5604D8F4238DFFCB002B76A1 /* WHGradientHelper.m in Sources */,
				5604D81B238DFEA1002B76A1 /* SceneDelegate.m in Sources */,
				5604D8F3238DFFCB002B76A1 /* HomeTableViewCell.m in Sources */,
				5604D8D2238DFFCB002B76A1 /* WHGradientHelperGradientTabBarVC3.m in Sources */,
				5604D8DD238DFFCB002B76A1 /* BulgeSquareTabBarVC.m in Sources */,
				5604D8E0238DFFCB002B76A1 /* ItemBackgroundColorTabBarVC.m in Sources */,
				5604D8E7238DFFCB002B76A1 /* TestVC.m in Sources */,
				5604D8CA238DFFCB002B76A1 /* TableViewController.m in Sources */,
				5604D8D5238DFFCB002B76A1 /* ItemCustomBadgeTabBarVC.m in Sources */,
				56E2B57F247D0FAE0030DC25 /* BasicFunctionListVC.m in Sources */,
				5604D8C0238DFFCB002B76A1 /* WeiBoTabBarVC.m in Sources */,
				56E2B585247D10150030DC25 /* CommonPageViewController.m in Sources */,
				5604D8CD238DFFCB002B76A1 /* CustomIndicatorTabController.m in Sources */,
				5604D822238DFEA1002B76A1 /* TfySY_TestTabBar.m in Sources */,
				5604D8E6238DFFCB002B76A1 /* BadgeViewController.m in Sources */,
				5604D8C3238DFFCB002B76A1 /* CustomImageSelColorTabBarVC.m in Sources */,
				5604D8C4238DFFCB002B76A1 /* CustomImageTabBarVC.m in Sources */,
				5604D81C238DFEA1002B76A1 /* AppDelegate.m in Sources */,
				5604D8C5238DFFCB002B76A1 /* IndicatorFollowTitleTabController.m in Sources */,
				5604D8E1238DFFCB002B76A1 /* HybridGradientHelperTabBarVC.m in Sources */,
				5604D8CE238DFFCB002B76A1 /* ItemSizeLayoutTabBarVC.m in Sources */,
				5604D8D8238DFFCB002B76A1 /* BulgeCircularTabBarVC.m in Sources */,
				5604D8D0238DFFCB002B76A1 /* WHGradientHelperGradientTabBarVC.m in Sources */,
				5604D8DF238DFFCB002B76A1 /* BasedUsingTabBarVC.m in Sources */,
				5604D8DA238DFFCB002B76A1 /* ItemCustomAnimationTabBarVC.m in Sources */,
				5604D8D9238DFFCB002B76A1 /* ItemSizeAlignmentTabBarVC.m in Sources */,
				5604D8D1238DFFCB002B76A1 /* WHGradientHelperGradientTabBarVC4.m in Sources */,
				5604D8EA238DFFCB002B76A1 /* TestGetTabBarItemVC.m in Sources */,
				5604D8D6238DFFCB002B76A1 /* MultipleBulgeCircularTabBarVC.m in Sources */,
				5604D8DC238DFFCB002B76A1 /* MultipleBulgeHybridTabBarVC.m in Sources */,
				5604D8D4238DFFCB002B76A1 /* ImageTranslucentTabBarVC.m in Sources */,
				5604D825238DFEA1002B76A1 /* TfySY_TabBar.m in Sources */,
				5604D8CF238DFFCB002B76A1 /* WHGradientHelperGradientTabBarVC2.m in Sources */,
				5604D826238DFEA1002B76A1 /* TfySY_TabBarController.m in Sources */,
				5604D8C6238DFFCB002B76A1 /* MultilTabController.m in Sources */,
				5604D8CB238DFFCB002B76A1 /* FixedItemWidthTabController.m in Sources */,
				5604D8E8238DFFCB002B76A1 /* TestPushHiddenVC.m in Sources */,
				5604D824238DFEA1002B76A1 /* TfySY_TabBarBadge.m in Sources */,
				5604D8C8238DFFCB002B76A1 /* HeaderViewTabController.m in Sources */,
				5604D8C9238DFFCB002B76A1 /* WebViewController.m in Sources */,
				5604D8C7238DFFCB002B76A1 /* DynamicItemWidthTabController.m in Sources */,
				5604D8BF238DFFCB002B76A1 /* PushHiddenTabBarVC.m in Sources */,
				5604D8D7238DFFCB002B76A1 /* WHGradientHelperGradientItemTabBarVC.m in Sources */,
				56E2B584247D10150030DC25 /* CommonTableViewController.m in Sources */,
				5604D8E3238DFFCB002B76A1 /* TestHiddenVC.m in Sources */,
				5604D8D3238DFFCB002B76A1 /* ItemTingColorTabBarVC.m in Sources */,
				5604D8CC238DFFCB002B76A1 /* SegmentTabController.m in Sources */,
			);
			runOnlyForDeploymentPostprocessing = 0;
		};
		5604D7D9238DFDA4002B76A1 /* Sources */ = {
			isa = PBXSourcesBuildPhase;
			buildActionMask = 2147483647;
			files = (
				5604D7E2238DFDA4002B76A1 /* TFY_TabBarControllerTests.m in Sources */,
			);
			runOnlyForDeploymentPostprocessing = 0;
		};
		5604D7E4238DFDA4002B76A1 /* Sources */ = {
			isa = PBXSourcesBuildPhase;
			buildActionMask = 2147483647;
			files = (
				5604D7ED238DFDA4002B76A1 /* TFY_TabBarControllerUITests.m in Sources */,
			);
			runOnlyForDeploymentPostprocessing = 0;
		};
/* End PBXSourcesBuildPhase section */

/* Begin PBXTargetDependency section */
		5604D7DF238DFDA4002B76A1 /* PBXTargetDependency */ = {
			isa = PBXTargetDependency;
			target = 5604D7C1238DFDA3002B76A1 /* TFY_TabBarController */;
			targetProxy = 5604D7DE238DFDA4002B76A1 /* PBXContainerItemProxy */;
		};
		5604D7EA238DFDA4002B76A1 /* PBXTargetDependency */ = {
			isa = PBXTargetDependency;
			target = 5604D7C1238DFDA3002B76A1 /* TFY_TabBarController */;
			targetProxy = 5604D7E9238DFDA4002B76A1 /* PBXContainerItemProxy */;
		};
/* End PBXTargetDependency section */

/* Begin PBXVariantGroup section */
		5604D7CE238DFDA3002B76A1 /* Main.storyboard */ = {
			isa = PBXVariantGroup;
			children = (
				5604D7CF238DFDA3002B76A1 /* Base */,
			);
			name = Main.storyboard;
			sourceTree = "<group>";
		};
		5604D7D3238DFDA4002B76A1 /* LaunchScreen.storyboard */ = {
			isa = PBXVariantGroup;
			children = (
				5604D7D4238DFDA4002B76A1 /* Base */,
			);
			name = LaunchScreen.storyboard;
			sourceTree = "<group>";
		};
/* End PBXVariantGroup section */

/* Begin XCBuildConfiguration section */
		5604D7EF238DFDA4002B76A1 /* Debug */ = {
			isa = XCBuildConfiguration;
			buildSettings = {
				ALWAYS_SEARCH_USER_PATHS = NO;
				CLANG_ANALYZER_NONNULL = YES;
				CLANG_ANALYZER_NUMBER_OBJECT_CONVERSION = YES_AGGRESSIVE;
				CLANG_CXX_LANGUAGE_STANDARD = "gnu++14";
				CLANG_CXX_LIBRARY = "libc++";
				CLANG_ENABLE_MODULES = YES;
				CLANG_ENABLE_OBJC_ARC = YES;
				CLANG_ENABLE_OBJC_WEAK = YES;
				CLANG_WARN_BLOCK_CAPTURE_AUTORELEASING = YES;
				CLANG_WARN_BOOL_CONVERSION = YES;
				CLANG_WARN_COMMA = YES;
				CLANG_WARN_CONSTANT_CONVERSION = YES;
				CLANG_WARN_DEPRECATED_OBJC_IMPLEMENTATIONS = YES;
				CLANG_WARN_DIRECT_OBJC_ISA_USAGE = YES_ERROR;
				CLANG_WARN_DOCUMENTATION_COMMENTS = YES;
				CLANG_WARN_EMPTY_BODY = YES;
				CLANG_WARN_ENUM_CONVERSION = YES;
				CLANG_WARN_INFINITE_RECURSION = YES;
				CLANG_WARN_INT_CONVERSION = YES;
				CLANG_WARN_NON_LITERAL_NULL_CONVERSION = YES;
				CLANG_WARN_OBJC_IMPLICIT_RETAIN_SELF = YES;
				CLANG_WARN_OBJC_LITERAL_CONVERSION = YES;
				CLANG_WARN_OBJC_ROOT_CLASS = YES_ERROR;
				CLANG_WARN_RANGE_LOOP_ANALYSIS = YES;
				CLANG_WARN_STRICT_PROTOTYPES = YES;
				CLANG_WARN_SUSPICIOUS_MOVE = YES;
				CLANG_WARN_UNGUARDED_AVAILABILITY = YES_AGGRESSIVE;
				CLANG_WARN_UNREACHABLE_CODE = YES;
				CLANG_WARN__DUPLICATE_METHOD_MATCH = YES;
				COPY_PHASE_STRIP = NO;
				DEBUG_INFORMATION_FORMAT = dwarf;
				ENABLE_STRICT_OBJC_MSGSEND = YES;
				ENABLE_TESTABILITY = YES;
				GCC_C_LANGUAGE_STANDARD = gnu11;
				GCC_DYNAMIC_NO_PIC = NO;
				GCC_NO_COMMON_BLOCKS = YES;
				GCC_OPTIMIZATION_LEVEL = 0;
				GCC_PREPROCESSOR_DEFINITIONS = (
					"DEBUG=1",
					"$(inherited)",
				);
				GCC_WARN_64_TO_32_BIT_CONVERSION = YES;
				GCC_WARN_ABOUT_RETURN_TYPE = YES_ERROR;
				GCC_WARN_UNDECLARED_SELECTOR = YES;
				GCC_WARN_UNINITIALIZED_AUTOS = YES_AGGRESSIVE;
				GCC_WARN_UNUSED_FUNCTION = YES;
				GCC_WARN_UNUSED_VARIABLE = YES;
				IPHONEOS_DEPLOYMENT_TARGET = 13.2;
				MTL_ENABLE_DEBUG_INFO = INCLUDE_SOURCE;
				MTL_FAST_MATH = YES;
				ONLY_ACTIVE_ARCH = YES;
				SDKROOT = iphoneos;
			};
			name = Debug;
		};
		5604D7F0238DFDA4002B76A1 /* Release */ = {
			isa = XCBuildConfiguration;
			buildSettings = {
				ALWAYS_SEARCH_USER_PATHS = NO;
				CLANG_ANALYZER_NONNULL = YES;
				CLANG_ANALYZER_NUMBER_OBJECT_CONVERSION = YES_AGGRESSIVE;
				CLANG_CXX_LANGUAGE_STANDARD = "gnu++14";
				CLANG_CXX_LIBRARY = "libc++";
				CLANG_ENABLE_MODULES = YES;
				CLANG_ENABLE_OBJC_ARC = YES;
				CLANG_ENABLE_OBJC_WEAK = YES;
				CLANG_WARN_BLOCK_CAPTURE_AUTORELEASING = YES;
				CLANG_WARN_BOOL_CONVERSION = YES;
				CLANG_WARN_COMMA = YES;
				CLANG_WARN_CONSTANT_CONVERSION = YES;
				CLANG_WARN_DEPRECATED_OBJC_IMPLEMENTATIONS = YES;
				CLANG_WARN_DIRECT_OBJC_ISA_USAGE = YES_ERROR;
				CLANG_WARN_DOCUMENTATION_COMMENTS = YES;
				CLANG_WARN_EMPTY_BODY = YES;
				CLANG_WARN_ENUM_CONVERSION = YES;
				CLANG_WARN_INFINITE_RECURSION = YES;
				CLANG_WARN_INT_CONVERSION = YES;
				CLANG_WARN_NON_LITERAL_NULL_CONVERSION = YES;
				CLANG_WARN_OBJC_IMPLICIT_RETAIN_SELF = YES;
				CLANG_WARN_OBJC_LITERAL_CONVERSION = YES;
				CLANG_WARN_OBJC_ROOT_CLASS = YES_ERROR;
				CLANG_WARN_RANGE_LOOP_ANALYSIS = YES;
				CLANG_WARN_STRICT_PROTOTYPES = YES;
				CLANG_WARN_SUSPICIOUS_MOVE = YES;
				CLANG_WARN_UNGUARDED_AVAILABILITY = YES_AGGRESSIVE;
				CLANG_WARN_UNREACHABLE_CODE = YES;
				CLANG_WARN__DUPLICATE_METHOD_MATCH = YES;
				COPY_PHASE_STRIP = NO;
				DEBUG_INFORMATION_FORMAT = "dwarf-with-dsym";
				ENABLE_NS_ASSERTIONS = NO;
				ENABLE_STRICT_OBJC_MSGSEND = YES;
				GCC_C_LANGUAGE_STANDARD = gnu11;
				GCC_NO_COMMON_BLOCKS = YES;
				GCC_WARN_64_TO_32_BIT_CONVERSION = YES;
				GCC_WARN_ABOUT_RETURN_TYPE = YES_ERROR;
				GCC_WARN_UNDECLARED_SELECTOR = YES;
				GCC_WARN_UNINITIALIZED_AUTOS = YES_AGGRESSIVE;
				GCC_WARN_UNUSED_FUNCTION = YES;
				GCC_WARN_UNUSED_VARIABLE = YES;
				IPHONEOS_DEPLOYMENT_TARGET = 13.2;
				MTL_ENABLE_DEBUG_INFO = NO;
				MTL_FAST_MATH = YES;
				SDKROOT = iphoneos;
				VALIDATE_PRODUCT = YES;
			};
			name = Release;
		};
		5604D7F2238DFDA4002B76A1 /* Debug */ = {
			isa = XCBuildConfiguration;
			baseConfigurationReference = 9E8EDA42B0E335EA558BE298 /* Pods-TFY_TabBarController.debug.xcconfig */;
			buildSettings = {
				ASSETCATALOG_COMPILER_APPICON_NAME = AppIcon;
				CODE_SIGN_STYLE = Automatic;
				DEVELOPMENT_TEAM = RP2K7V42S5;
				GCC_PRECOMPILE_PREFIX_HEADER = YES;
				GCC_PREFIX_HEADER = TFY_TabBarController/TFY_PCH/TFY_PrefixHeader.pch;
				INFOPLIST_FILE = TFY_TabBarController/Info.plist;
				IPHONEOS_DEPLOYMENT_TARGET = 10.0;
				LD_RUNPATH_SEARCH_PATHS = (
					"$(inherited)",
					"@executable_path/Frameworks",
				);
				PRODUCT_BUNDLE_IDENTIFIER = "com.lmeng.TFY-TabBarController";
				PRODUCT_NAME = "$(TARGET_NAME)";
				TARGETED_DEVICE_FAMILY = 1;
			};
			name = Debug;
		};
		5604D7F3238DFDA4002B76A1 /* Release */ = {
			isa = XCBuildConfiguration;
			baseConfigurationReference = 11F7105447BA34DF9F2C68BF /* Pods-TFY_TabBarController.release.xcconfig */;
			buildSettings = {
				ASSETCATALOG_COMPILER_APPICON_NAME = AppIcon;
				CODE_SIGN_STYLE = Automatic;
				DEVELOPMENT_TEAM = RP2K7V42S5;
				GCC_PRECOMPILE_PREFIX_HEADER = YES;
				GCC_PREFIX_HEADER = TFY_TabBarController/TFY_PCH/TFY_PrefixHeader.pch;
				INFOPLIST_FILE = TFY_TabBarController/Info.plist;
				IPHONEOS_DEPLOYMENT_TARGET = 10.0;
				LD_RUNPATH_SEARCH_PATHS = (
					"$(inherited)",
					"@executable_path/Frameworks",
				);
				PRODUCT_BUNDLE_IDENTIFIER = "com.lmeng.TFY-TabBarController";
				PRODUCT_NAME = "$(TARGET_NAME)";
				TARGETED_DEVICE_FAMILY = 1;
			};
			name = Release;
		};
		5604D7F5238DFDA4002B76A1 /* Debug */ = {
			isa = XCBuildConfiguration;
			buildSettings = {
				BUNDLE_LOADER = "$(TEST_HOST)";
				CODE_SIGN_STYLE = Automatic;
				DEVELOPMENT_TEAM = RP2K7V42S5;
				INFOPLIST_FILE = TFY_TabBarControllerTests/Info.plist;
				IPHONEOS_DEPLOYMENT_TARGET = 13.2;
				LD_RUNPATH_SEARCH_PATHS = (
					"$(inherited)",
					"@executable_path/Frameworks",
					"@loader_path/Frameworks",
				);
				PRODUCT_BUNDLE_IDENTIFIER = "com.lmeng.TFY-TabBarControllerTests";
				PRODUCT_NAME = "$(TARGET_NAME)";
				TARGETED_DEVICE_FAMILY = "1,2";
				TEST_HOST = "$(BUILT_PRODUCTS_DIR)/TFY_TabBarController.app/TFY_TabBarController";
			};
			name = Debug;
		};
		5604D7F6238DFDA4002B76A1 /* Release */ = {
			isa = XCBuildConfiguration;
			buildSettings = {
				BUNDLE_LOADER = "$(TEST_HOST)";
				CODE_SIGN_STYLE = Automatic;
				DEVELOPMENT_TEAM = RP2K7V42S5;
				INFOPLIST_FILE = TFY_TabBarControllerTests/Info.plist;
				IPHONEOS_DEPLOYMENT_TARGET = 13.2;
				LD_RUNPATH_SEARCH_PATHS = (
					"$(inherited)",
					"@executable_path/Frameworks",
					"@loader_path/Frameworks",
				);
				PRODUCT_BUNDLE_IDENTIFIER = "com.lmeng.TFY-TabBarControllerTests";
				PRODUCT_NAME = "$(TARGET_NAME)";
				TARGETED_DEVICE_FAMILY = "1,2";
				TEST_HOST = "$(BUILT_PRODUCTS_DIR)/TFY_TabBarController.app/TFY_TabBarController";
			};
			name = Release;
		};
		5604D7F8238DFDA4002B76A1 /* Debug */ = {
			isa = XCBuildConfiguration;
			buildSettings = {
				CODE_SIGN_STYLE = Automatic;
				DEVELOPMENT_TEAM = RP2K7V42S5;
				INFOPLIST_FILE = TFY_TabBarControllerUITests/Info.plist;
				LD_RUNPATH_SEARCH_PATHS = (
					"$(inherited)",
					"@executable_path/Frameworks",
					"@loader_path/Frameworks",
				);
				PRODUCT_BUNDLE_IDENTIFIER = "com.lmeng.TFY-TabBarControllerUITests";
				PRODUCT_NAME = "$(TARGET_NAME)";
				TARGETED_DEVICE_FAMILY = "1,2";
				TEST_TARGET_NAME = TFY_TabBarController;
			};
			name = Debug;
		};
		5604D7F9238DFDA4002B76A1 /* Release */ = {
			isa = XCBuildConfiguration;
			buildSettings = {
				CODE_SIGN_STYLE = Automatic;
				DEVELOPMENT_TEAM = RP2K7V42S5;
				INFOPLIST_FILE = TFY_TabBarControllerUITests/Info.plist;
				LD_RUNPATH_SEARCH_PATHS = (
					"$(inherited)",
					"@executable_path/Frameworks",
					"@loader_path/Frameworks",
				);
				PRODUCT_BUNDLE_IDENTIFIER = "com.lmeng.TFY-TabBarControllerUITests";
				PRODUCT_NAME = "$(TARGET_NAME)";
				TARGETED_DEVICE_FAMILY = "1,2";
				TEST_TARGET_NAME = TFY_TabBarController;
			};
			name = Release;
		};
/* End XCBuildConfiguration section */

/* Begin XCConfigurationList section */
		5604D7BD238DFDA3002B76A1 /* Build configuration list for PBXProject "TFY_TabBarController" */ = {
			isa = XCConfigurationList;
			buildConfigurations = (
				5604D7EF238DFDA4002B76A1 /* Debug */,
				5604D7F0238DFDA4002B76A1 /* Release */,
			);
			defaultConfigurationIsVisible = 0;
			defaultConfigurationName = Release;
		};
		5604D7F1238DFDA4002B76A1 /* Build configuration list for PBXNativeTarget "TFY_TabBarController" */ = {
			isa = XCConfigurationList;
			buildConfigurations = (
				5604D7F2238DFDA4002B76A1 /* Debug */,
				5604D7F3238DFDA4002B76A1 /* Release */,
			);
			defaultConfigurationIsVisible = 0;
			defaultConfigurationName = Release;
		};
		5604D7F4238DFDA4002B76A1 /* Build configuration list for PBXNativeTarget "TFY_TabBarControllerTests" */ = {
			isa = XCConfigurationList;
			buildConfigurations = (
				5604D7F5238DFDA4002B76A1 /* Debug */,
				5604D7F6238DFDA4002B76A1 /* Release */,
			);
			defaultConfigurationIsVisible = 0;
			defaultConfigurationName = Release;
		};
		5604D7F7238DFDA4002B76A1 /* Build configuration list for PBXNativeTarget "TFY_TabBarControllerUITests" */ = {
			isa = XCConfigurationList;
			buildConfigurations = (
				5604D7F8238DFDA4002B76A1 /* Debug */,
				5604D7F9238DFDA4002B76A1 /* Release */,
			);
			defaultConfigurationIsVisible = 0;
			defaultConfigurationName = Release;
		};
/* End XCConfigurationList section */
	};
	rootObject = 5604D7BA238DFDA3002B76A1 /* Project object */;
}
